<?xml version="1.0" encoding="utf-8"?>
<Project ToolsVersion="15.0" xmlns="http://schemas.microsoft.com/developer/msbuild/2003">
  <ItemGroup>
    <ClCompile Include="C:\Users\Benjamin\Desktop\cryptonote\tests\CoreTests\BlockReward.cpp" />
    <ClCompile Include="C:\Users\Benjamin\Desktop\cryptonote\tests\CoreTests\BlockValidation.cpp" />
    <ClCompile Include="C:\Users\Benjamin\Desktop\cryptonote\tests\CoreTests\ChainSplit1.cpp" />
    <ClCompile Include="C:\Users\Benjamin\Desktop\cryptonote\tests\CoreTests\ChainSwitch1.cpp" />
    <ClCompile Include="C:\Users\Benjamin\Desktop\cryptonote\tests\CoreTests\Chaingen.cpp" />
    <ClCompile Include="C:\Users\Benjamin\Desktop\cryptonote\tests\CoreTests\Chaingen001.cpp" />
    <ClCompile Include="C:\Users\Benjamin\Desktop\cryptonote\tests\CoreTests\ChaingenMain.cpp" />
    <ClCompile Include="C:\Users\Benjamin\Desktop\cryptonote\tests\CoreTests\DoubleSpend.cpp" />
    <ClCompile Include="C:\Users\Benjamin\Desktop\cryptonote\tests\CoreTests\IntegerOverflow.cpp" />
    <ClCompile Include="C:\Users\Benjamin\Desktop\cryptonote\tests\CoreTests\RandomOuts.cpp" />
    <ClCompile Include="C:\Users\Benjamin\Desktop\cryptonote\tests\CoreTests\RingSignature.cpp" />
    <ClCompile Include="C:\Users\Benjamin\Desktop\cryptonote\tests\CoreTests\TransactionBuilder.cpp" />
    <ClCompile Include="C:\Users\Benjamin\Desktop\cryptonote\tests\CoreTests\TransactionTests.cpp" />
    <ClCompile Include="C:\Users\Benjamin\Desktop\cryptonote\tests\CoreTests\TransactionValidation.cpp" />
  </ItemGroup>
  <ItemGroup>
    <ClInclude Include="C:\Users\Benjamin\Desktop\cryptonote\tests\CoreTests\AccountBoostSerialization.h" />
    <ClInclude Include="C:\Users\Benjamin\Desktop\cryptonote\tests\CoreTests\BlockReward.h" />
    <ClInclude Include="C:\Users\Benjamin\Desktop\cryptonote\tests\CoreTests\BlockValidation.h" />
    <ClInclude Include="C:\Users\Benjamin\Desktop\cryptonote\tests\CoreTests\BoostSerializationHelper.h" />
    <ClInclude Include="C:\Users\Benjamin\Desktop\cryptonote\tests\CoreTests\ChainSplit1.h" />
    <ClInclude Include="C:\Users\Benjamin\Desktop\cryptonote\tests\CoreTests\ChainSwitch1.h" />
    <ClInclude Include="C:\Users\Benjamin\Desktop\cryptonote\tests\CoreTests\Chaingen.h" />
    <ClInclude Include="C:\Users\Benjamin\Desktop\cryptonote\tests\CoreTests\Chaingen001.h" />
    <ClInclude Include="C:\Users\Benjamin\Desktop\cryptonote\tests\CoreTests\CryptoNoteBoostSerialization.h" />
    <ClInclude Include="C:\Users\Benjamin\Desktop\cryptonote\tests\CoreTests\DoubleSpend.h" />
    <ClInclude Include="C:\Users\Benjamin\Desktop\cryptonote\tests\CoreTests\IntegerOverflow.h" />
    <ClInclude Include="C:\Users\Benjamin\Desktop\cryptonote\tests\CoreTests\RandomOuts.h" />
    <ClInclude Include="C:\Users\Benjamin\Desktop\cryptonote\tests\CoreTests\RingSignature.h" />
    <ClInclude Include="C:\Users\Benjamin\Desktop\cryptonote\tests\CoreTests\TestGenerator.h" />
    <ClInclude Include="C:\Users\Benjamin\Desktop\cryptonote\tests\CoreTests\TransactionBuilder.h" />
    <ClInclude Include="C:\Users\Benjamin\Desktop\cryptonote\tests\CoreTests\TransactionTests.h" />
    <ClInclude Include="C:\Users\Benjamin\Desktop\cryptonote\tests\CoreTests\TransactionValidation.h" />
    <ClInclude Include="C:\Users\Benjamin\Desktop\cryptonote\tests\CoreTests\UnorderedContainersBoostSerialization.h" />
    <ClInclude Include="C:\Users\Benjamin\Desktop\cryptonote\tests\CoreTests\double_spend.inl" />
  </ItemGroup>
  <ItemGroup>
  </ItemGroup>
</Project>
