<?xml version="1.0" encoding="utf-8"?>
<Project ToolsVersion="15.0" xmlns="http://schemas.microsoft.com/developer/msbuild/2003">
  <ItemGroup>
    <ClCompile Include="C:\Users\Benjamin\Desktop\cryptonote\tests\PerformanceTests\main.cpp" />
  </ItemGroup>
  <ItemGroup>
    <ClInclude Include="C:\Users\Benjamin\Desktop\cryptonote\tests\PerformanceTests\CheckRingSignature.h" />
    <ClInclude Include="C:\Users\Benjamin\Desktop\cryptonote\tests\PerformanceTests\ConstructTransaction.h" />
    <ClInclude Include="C:\Users\Benjamin\Desktop\cryptonote\tests\PerformanceTests\CryptoNoteSlowHash.h" />
    <ClInclude Include="C:\Users\Benjamin\Desktop\cryptonote\tests\PerformanceTests\DerivePublicKey.h" />
    <ClInclude Include="C:\Users\Benjamin\Desktop\cryptonote\tests\PerformanceTests\DeriveSecretKey.h" />
    <ClInclude Include="C:\Users\Benjamin\Desktop\cryptonote\tests\PerformanceTests\GenerateKeyDerivation.h" />
    <ClInclude Include="C:\Users\Benjamin\Desktop\cryptonote\tests\PerformanceTests\GenerateKeyImage.h" />
    <ClInclude Include="C:\Users\Benjamin\Desktop\cryptonote\tests\PerformanceTests\GenerateKeyImageHelper.h" />
    <ClInclude Include="C:\Users\Benjamin\Desktop\cryptonote\tests\PerformanceTests\IsOutToAccount.h" />
    <ClInclude Include="C:\Users\Benjamin\Desktop\cryptonote\tests\PerformanceTests\MultiTransactionTestBase.h" />
    <ClInclude Include="C:\Users\Benjamin\Desktop\cryptonote\tests\PerformanceTests\PerformanceTests.h" />
    <ClInclude Include="C:\Users\Benjamin\Desktop\cryptonote\tests\PerformanceTests\PerformanceUtils.h" />
    <ClInclude Include="C:\Users\Benjamin\Desktop\cryptonote\tests\PerformanceTests\SingleTransactionTestBase.h" />
  </ItemGroup>
  <ItemGroup>
  </ItemGroup>
</Project>
