Microsoft Visual Studio Solution File, Format Version 12.00
# Visual Studio 15
Project("{2150E333-8FDC-42A3-9474-1A3956D46DE8}") = "CMakePredefinedTargets", "CMakePredefinedTargets", "{7CA51769-8882-38A2-BF14-CDC0866F97A8}"
EndProject
Project("{2150E333-8FDC-42A3-9474-1A3956D46DE8}") = "external", "external", "{7030B11D-7092-3981-8D7B-B75132BC6645}"
EndProject
Project("{2150E333-8FDC-42A3-9474-1A3956D46DE8}") = "tests", "tests", "{C97C302B-E3BE-3191-9124-C2122CF92B10}"
EndProject
Project("{8BC9CEB8-8B4A-11D0-8D11-00A0C91BC942}") = "ALL_BUILD", "ALL_BUILD.vcxproj", "{7B05F0CF-B71C-3948-ACAF-9E95D72D1AC8}"
	ProjectSection(ProjectDependencies) = postProject
		{EB50CC41-D987-3E34-932E-2F9257143054} = {EB50CC41-D987-3E34-932E-2F9257143054}
		{6C7FCA29-C1AC-3C6A-B228-85E11516C171} = {6C7FCA29-C1AC-3C6A-B228-85E11516C171}
		{EFDF595F-5790-3E21-AE6D-DC15EC46B3B2} = {EFDF595F-5790-3E21-AE6D-DC15EC46B3B2}
		{67AA2FD4-BAFF-333E-8999-FE6AB1CF11B6} = {67AA2FD4-BAFF-333E-8999-FE6AB1CF11B6}
		{453CF665-73B6-3508-98F8-AF802D4D9662} = {453CF665-73B6-3508-98F8-AF802D4D9662}
		{CA9D0908-690F-3CB9-B433-095A0493D425} = {CA9D0908-690F-3CB9-B433-095A0493D425}
		{B50DD85C-FCAA-3B76-BD05-C89D098ACEAA} = {B50DD85C-FCAA-3B76-BD05-C89D098ACEAA}
		{EBA59956-8FB9-3E94-B49D-884DA4FD5F01} = {EBA59956-8FB9-3E94-B49D-884DA4FD5F01}
		{22021890-4AD9-3345-BBCB-5ABB18AEA715} = {22021890-4AD9-3345-BBCB-5ABB18AEA715}
		{BA0D6FAB-9EA3-3B56-B299-4E487CEAD7EB} = {BA0D6FAB-9EA3-3B56-B299-4E487CEAD7EB}
		{0F70153C-ABCA-3448-89A8-ABEE501CC1E5} = {0F70153C-ABCA-3448-89A8-ABEE501CC1E5}
		{BDF36797-AEB5-3EE5-AE1D-160A33B1A940} = {BDF36797-AEB5-3EE5-AE1D-160A33B1A940}
		{BB50451A-4B5C-3B7A-8E24-323EC8B9C3A0} = {BB50451A-4B5C-3B7A-8E24-323EC8B9C3A0}
		{52AD87DC-245E-3143-80FB-0034A1FC6FCB} = {52AD87DC-245E-3143-80FB-0034A1FC6FCB}
		{14E6198C-7469-379C-BD31-0AC5E5720F54} = {14E6198C-7469-379C-BD31-0AC5E5720F54}
		{EC79C706-2416-3F72-8DFE-33B7B8D7C18F} = {EC79C706-2416-3F72-8DFE-33B7B8D7C18F}
		{3BB53270-620C-342F-8E3E-CA69CC71D27E} = {3BB53270-620C-342F-8E3E-CA69CC71D27E}
		{5960EBAC-5DF1-3D55-9DC0-469D5CA3681F} = {5960EBAC-5DF1-3D55-9DC0-469D5CA3681F}
		{CE9B711C-A6CF-39F9-A03E-412F6C7D9690} = {CE9B711C-A6CF-39F9-A03E-412F6C7D9690}
		{840BF2F6-9DDF-32F2-A797-EF16CFC45126} = {840BF2F6-9DDF-32F2-A797-EF16CFC45126}
		{0CF3D084-AFFE-3FDE-AD6D-2CBA6C67B0E5} = {0CF3D084-AFFE-3FDE-AD6D-2CBA6C67B0E5}
		{C40499AF-477F-3C6B-8DD6-E87E8F404B38} = {C40499AF-477F-3C6B-8DD6-E87E8F404B38}
		{82332FE7-FA69-3E0A-9BD9-68829FF579D3} = {82332FE7-FA69-3E0A-9BD9-68829FF579D3}
		{768C3144-455F-31FE-A68D-F35C590B711B} = {768C3144-455F-31FE-A68D-F35C590B711B}
		{0899EAE2-8622-3EDD-87DF-BC90119FA7AD} = {0899EAE2-8622-3EDD-87DF-BC90119FA7AD}
		{13CB257F-3F19-364B-9CA7-BE77B45B4368} = {13CB257F-3F19-364B-9CA7-BE77B45B4368}
		{CE25A93E-7232-3649-A403-33174FC70B9A} = {CE25A93E-7232-3649-A403-33174FC70B9A}
		{8B41EC1F-9FF4-3B07-B349-99A79B3D53C3} = {8B41EC1F-9FF4-3B07-B349-99A79B3D53C3}
		{9EAE649D-3421-3C7E-B263-489F3BBEF577} = {9EAE649D-3421-3C7E-B263-489F3BBEF577}
		{EB0374F8-C2A6-31DA-A928-CF35FB310E37} = {EB0374F8-C2A6-31DA-A928-CF35FB310E37}
		{0DCA6458-76DB-3B01-BB9B-7E8DC6BEBB24} = {0DCA6458-76DB-3B01-BB9B-7E8DC6BEBB24}
		{8534BA4D-F508-309E-8E3F-703A763EB509} = {8534BA4D-F508-309E-8E3F-703A763EB509}
		{A515CA4A-957A-3504-B2EF-ECEB968E1B01} = {A515CA4A-957A-3504-B2EF-ECEB968E1B01}
		{87FC1A8E-FCF0-376B-BB00-CF005AD36BA0} = {87FC1A8E-FCF0-376B-BB00-CF005AD36BA0}
		{B14CA5A9-182C-3B09-BE81-73FDC4A20273} = {B14CA5A9-182C-3B09-BE81-73FDC4A20273}
		{DDDF00C9-1115-33F8-B174-839643CF5E6B} = {DDDF00C9-1115-33F8-B174-839643CF5E6B}
		{07EA16DF-6B7D-3D56-AC6F-FF5B9FE055FD} = {07EA16DF-6B7D-3D56-AC6F-FF5B9FE055FD}
		{2F8164BA-E061-3F34-B887-A6C0A1D8906A} = {2F8164BA-E061-3F34-B887-A6C0A1D8906A}
	EndProjectSection
EndProject
Project("{8BC9CEB8-8B4A-11D0-8D11-00A0C91BC942}") = "BlockchainExplorer", "src\BlockchainExplorer.vcxproj", "{EB50CC41-D987-3E34-932E-2F9257143054}"
	ProjectSection(ProjectDependencies) = postProject
	EndProjectSection
EndProject
Project("{8BC9CEB8-8B4A-11D0-8D11-00A0C91BC942}") = "Common", "src\Common.vcxproj", "{6C7FCA29-C1AC-3C6A-B228-85E11516C171}"
	ProjectSection(ProjectDependencies) = postProject
	EndProjectSection
EndProject
Project("{8BC9CEB8-8B4A-11D0-8D11-00A0C91BC942}") = "ConnectivityTool", "src\ConnectivityTool.vcxproj", "{EFDF595F-5790-3E21-AE6D-DC15EC46B3B2}"
	ProjectSection(ProjectDependencies) = postProject
		{6C7FCA29-C1AC-3C6A-B228-85E11516C171} = {6C7FCA29-C1AC-3C6A-B228-85E11516C171}
		{453CF665-73B6-3508-98F8-AF802D4D9662} = {453CF665-73B6-3508-98F8-AF802D4D9662}
		{CA9D0908-690F-3CB9-B433-095A0493D425} = {CA9D0908-690F-3CB9-B433-095A0493D425}
		{BDF36797-AEB5-3EE5-AE1D-160A33B1A940} = {BDF36797-AEB5-3EE5-AE1D-160A33B1A940}
		{3BB53270-620C-342F-8E3E-CA69CC71D27E} = {3BB53270-620C-342F-8E3E-CA69CC71D27E}
		{0CF3D084-AFFE-3FDE-AD6D-2CBA6C67B0E5} = {0CF3D084-AFFE-3FDE-AD6D-2CBA6C67B0E5}
		{0899EAE2-8622-3EDD-87DF-BC90119FA7AD} = {0899EAE2-8622-3EDD-87DF-BC90119FA7AD}
		{13CB257F-3F19-364B-9CA7-BE77B45B4368} = {13CB257F-3F19-364B-9CA7-BE77B45B4368}
		{8B41EC1F-9FF4-3B07-B349-99A79B3D53C3} = {8B41EC1F-9FF4-3B07-B349-99A79B3D53C3}
		{2F8164BA-E061-3F34-B887-A6C0A1D8906A} = {2F8164BA-E061-3F34-B887-A6C0A1D8906A}
	EndProjectSection
EndProject
Project("{8BC9CEB8-8B4A-11D0-8D11-00A0C91BC942}") = "CoreTests", "tests\CoreTests.vcxproj", "{67AA2FD4-BAFF-333E-8999-FE6AB1CF11B6}"
	ProjectSection(ProjectDependencies) = postProject
		{EB50CC41-D987-3E34-932E-2F9257143054} = {EB50CC41-D987-3E34-932E-2F9257143054}
		{6C7FCA29-C1AC-3C6A-B228-85E11516C171} = {6C7FCA29-C1AC-3C6A-B228-85E11516C171}
		{453CF665-73B6-3508-98F8-AF802D4D9662} = {453CF665-73B6-3508-98F8-AF802D4D9662}
		{CA9D0908-690F-3CB9-B433-095A0493D425} = {CA9D0908-690F-3CB9-B433-095A0493D425}
		{3BB53270-620C-342F-8E3E-CA69CC71D27E} = {3BB53270-620C-342F-8E3E-CA69CC71D27E}
		{13CB257F-3F19-364B-9CA7-BE77B45B4368} = {13CB257F-3F19-364B-9CA7-BE77B45B4368}
		{8B41EC1F-9FF4-3B07-B349-99A79B3D53C3} = {8B41EC1F-9FF4-3B07-B349-99A79B3D53C3}
		{EB0374F8-C2A6-31DA-A928-CF35FB310E37} = {EB0374F8-C2A6-31DA-A928-CF35FB310E37}
	EndProjectSection
EndProject
Project("{8BC9CEB8-8B4A-11D0-8D11-00A0C91BC942}") = "Crypto", "src\Crypto.vcxproj", "{453CF665-73B6-3508-98F8-AF802D4D9662}"
	ProjectSection(ProjectDependencies) = postProject
	EndProjectSection
EndProject
Project("{8BC9CEB8-8B4A-11D0-8D11-00A0C91BC942}") = "CryptoNoteCore", "src\CryptoNoteCore.vcxproj", "{CA9D0908-690F-3CB9-B433-095A0493D425}"
	ProjectSection(ProjectDependencies) = postProject
	EndProjectSection
EndProject
Project("{8BC9CEB8-8B4A-11D0-8D11-00A0C91BC942}") = "CryptoTests", "tests\CryptoTests.vcxproj", "{B50DD85C-FCAA-3B76-BD05-C89D098ACEAA}"
	ProjectSection(ProjectDependencies) = postProject
	EndProjectSection
EndProject
Project("{8BC9CEB8-8B4A-11D0-8D11-00A0C91BC942}") = "Daemon", "src\Daemon.vcxproj", "{EBA59956-8FB9-3E94-B49D-884DA4FD5F01}"
	ProjectSection(ProjectDependencies) = postProject
		{EB50CC41-D987-3E34-932E-2F9257143054} = {EB50CC41-D987-3E34-932E-2F9257143054}
		{6C7FCA29-C1AC-3C6A-B228-85E11516C171} = {6C7FCA29-C1AC-3C6A-B228-85E11516C171}
		{453CF665-73B6-3508-98F8-AF802D4D9662} = {453CF665-73B6-3508-98F8-AF802D4D9662}
		{CA9D0908-690F-3CB9-B433-095A0493D425} = {CA9D0908-690F-3CB9-B433-095A0493D425}
		{BDF36797-AEB5-3EE5-AE1D-160A33B1A940} = {BDF36797-AEB5-3EE5-AE1D-160A33B1A940}
		{3BB53270-620C-342F-8E3E-CA69CC71D27E} = {3BB53270-620C-342F-8E3E-CA69CC71D27E}
		{0CF3D084-AFFE-3FDE-AD6D-2CBA6C67B0E5} = {0CF3D084-AFFE-3FDE-AD6D-2CBA6C67B0E5}
		{0899EAE2-8622-3EDD-87DF-BC90119FA7AD} = {0899EAE2-8622-3EDD-87DF-BC90119FA7AD}
		{13CB257F-3F19-364B-9CA7-BE77B45B4368} = {13CB257F-3F19-364B-9CA7-BE77B45B4368}
		{8B41EC1F-9FF4-3B07-B349-99A79B3D53C3} = {8B41EC1F-9FF4-3B07-B349-99A79B3D53C3}
		{07EA16DF-6B7D-3D56-AC6F-FF5B9FE055FD} = {07EA16DF-6B7D-3D56-AC6F-FF5B9FE055FD}
		{2F8164BA-E061-3F34-B887-A6C0A1D8906A} = {2F8164BA-E061-3F34-B887-A6C0A1D8906A}
	EndProjectSection
EndProject
Project("{8BC9CEB8-8B4A-11D0-8D11-00A0C91BC942}") = "DifficultyTests", "tests\DifficultyTests.vcxproj", "{22021890-4AD9-3345-BBCB-5ABB18AEA715}"
	ProjectSection(ProjectDependencies) = postProject
		{6C7FCA29-C1AC-3C6A-B228-85E11516C171} = {6C7FCA29-C1AC-3C6A-B228-85E11516C171}
		{453CF665-73B6-3508-98F8-AF802D4D9662} = {453CF665-73B6-3508-98F8-AF802D4D9662}
		{CA9D0908-690F-3CB9-B433-095A0493D425} = {CA9D0908-690F-3CB9-B433-095A0493D425}
		{3BB53270-620C-342F-8E3E-CA69CC71D27E} = {3BB53270-620C-342F-8E3E-CA69CC71D27E}
		{13CB257F-3F19-364B-9CA7-BE77B45B4368} = {13CB257F-3F19-364B-9CA7-BE77B45B4368}
	EndProjectSection
EndProject
Project("{8BC9CEB8-8B4A-11D0-8D11-00A0C91BC942}") = "HashTargetTests", "tests\HashTargetTests.vcxproj", "{BA0D6FAB-9EA3-3B56-B299-4E487CEAD7EB}"
	ProjectSection(ProjectDependencies) = postProject
		{453CF665-73B6-3508-98F8-AF802D4D9662} = {453CF665-73B6-3508-98F8-AF802D4D9662}
		{CA9D0908-690F-3CB9-B433-095A0493D425} = {CA9D0908-690F-3CB9-B433-095A0493D425}
	EndProjectSection
EndProject
Project("{8BC9CEB8-8B4A-11D0-8D11-00A0C91BC942}") = "HashTests", "tests\HashTests.vcxproj", "{0F70153C-ABCA-3448-89A8-ABEE501CC1E5}"
	ProjectSection(ProjectDependencies) = postProject
		{453CF665-73B6-3508-98F8-AF802D4D9662} = {453CF665-73B6-3508-98F8-AF802D4D9662}
	EndProjectSection
EndProject
Project("{8BC9CEB8-8B4A-11D0-8D11-00A0C91BC942}") = "Http", "src\Http.vcxproj", "{BDF36797-AEB5-3EE5-AE1D-160A33B1A940}"
	ProjectSection(ProjectDependencies) = postProject
	EndProjectSection
EndProject
Project("{8BC9CEB8-8B4A-11D0-8D11-00A0C91BC942}") = "InProcessNode", "src\InProcessNode.vcxproj", "{BB50451A-4B5C-3B7A-8E24-323EC8B9C3A0}"
	ProjectSection(ProjectDependencies) = postProject
	EndProjectSection
EndProject
Project("{8BC9CEB8-8B4A-11D0-8D11-00A0C91BC942}") = "IntegrationTestLibrary", "tests\IntegrationTestLibrary.vcxproj", "{52AD87DC-245E-3143-80FB-0034A1FC6FCB}"
	ProjectSection(ProjectDependencies) = postProject
		{2F8164BA-E061-3F34-B887-A6C0A1D8906A} = {2F8164BA-E061-3F34-B887-A6C0A1D8906A}
	EndProjectSection
EndProject
Project("{8BC9CEB8-8B4A-11D0-8D11-00A0C91BC942}") = "IntegrationTests", "tests\IntegrationTests.vcxproj", "{14E6198C-7469-379C-BD31-0AC5E5720F54}"
	ProjectSection(ProjectDependencies) = postProject
		{EB50CC41-D987-3E34-932E-2F9257143054} = {EB50CC41-D987-3E34-932E-2F9257143054}
		{6C7FCA29-C1AC-3C6A-B228-85E11516C171} = {6C7FCA29-C1AC-3C6A-B228-85E11516C171}
		{453CF665-73B6-3508-98F8-AF802D4D9662} = {453CF665-73B6-3508-98F8-AF802D4D9662}
		{CA9D0908-690F-3CB9-B433-095A0493D425} = {CA9D0908-690F-3CB9-B433-095A0493D425}
		{BDF36797-AEB5-3EE5-AE1D-160A33B1A940} = {BDF36797-AEB5-3EE5-AE1D-160A33B1A940}
		{BB50451A-4B5C-3B7A-8E24-323EC8B9C3A0} = {BB50451A-4B5C-3B7A-8E24-323EC8B9C3A0}
		{52AD87DC-245E-3143-80FB-0034A1FC6FCB} = {52AD87DC-245E-3143-80FB-0034A1FC6FCB}
		{3BB53270-620C-342F-8E3E-CA69CC71D27E} = {3BB53270-620C-342F-8E3E-CA69CC71D27E}
		{CE9B711C-A6CF-39F9-A03E-412F6C7D9690} = {CE9B711C-A6CF-39F9-A03E-412F6C7D9690}
		{0CF3D084-AFFE-3FDE-AD6D-2CBA6C67B0E5} = {0CF3D084-AFFE-3FDE-AD6D-2CBA6C67B0E5}
		{0899EAE2-8622-3EDD-87DF-BC90119FA7AD} = {0899EAE2-8622-3EDD-87DF-BC90119FA7AD}
		{13CB257F-3F19-364B-9CA7-BE77B45B4368} = {13CB257F-3F19-364B-9CA7-BE77B45B4368}
		{8B41EC1F-9FF4-3B07-B349-99A79B3D53C3} = {8B41EC1F-9FF4-3B07-B349-99A79B3D53C3}
		{0DCA6458-76DB-3B01-BB9B-7E8DC6BEBB24} = {0DCA6458-76DB-3B01-BB9B-7E8DC6BEBB24}
		{87FC1A8E-FCF0-376B-BB00-CF005AD36BA0} = {87FC1A8E-FCF0-376B-BB00-CF005AD36BA0}
		{B14CA5A9-182C-3B09-BE81-73FDC4A20273} = {B14CA5A9-182C-3B09-BE81-73FDC4A20273}
		{07EA16DF-6B7D-3D56-AC6F-FF5B9FE055FD} = {07EA16DF-6B7D-3D56-AC6F-FF5B9FE055FD}
	EndProjectSection
EndProject
Project("{8BC9CEB8-8B4A-11D0-8D11-00A0C91BC942}") = "JsonRpcServer", "src\JsonRpcServer.vcxproj", "{EC79C706-2416-3F72-8DFE-33B7B8D7C18F}"
	ProjectSection(ProjectDependencies) = postProject
	EndProjectSection
EndProject
Project("{8BC9CEB8-8B4A-11D0-8D11-00A0C91BC942}") = "Logging", "src\Logging.vcxproj", "{3BB53270-620C-342F-8E3E-CA69CC71D27E}"
	ProjectSection(ProjectDependencies) = postProject
	EndProjectSection
EndProject
Project("{8BC9CEB8-8B4A-11D0-8D11-00A0C91BC942}") = "Miner", "src\Miner.vcxproj", "{5960EBAC-5DF1-3D55-9DC0-469D5CA3681F}"
	ProjectSection(ProjectDependencies) = postProject
		{6C7FCA29-C1AC-3C6A-B228-85E11516C171} = {6C7FCA29-C1AC-3C6A-B228-85E11516C171}
		{453CF665-73B6-3508-98F8-AF802D4D9662} = {453CF665-73B6-3508-98F8-AF802D4D9662}
		{CA9D0908-690F-3CB9-B433-095A0493D425} = {CA9D0908-690F-3CB9-B433-095A0493D425}
		{BDF36797-AEB5-3EE5-AE1D-160A33B1A940} = {BDF36797-AEB5-3EE5-AE1D-160A33B1A940}
		{3BB53270-620C-342F-8E3E-CA69CC71D27E} = {3BB53270-620C-342F-8E3E-CA69CC71D27E}
		{0899EAE2-8622-3EDD-87DF-BC90119FA7AD} = {0899EAE2-8622-3EDD-87DF-BC90119FA7AD}
		{13CB257F-3F19-364B-9CA7-BE77B45B4368} = {13CB257F-3F19-364B-9CA7-BE77B45B4368}
		{8B41EC1F-9FF4-3B07-B349-99A79B3D53C3} = {8B41EC1F-9FF4-3B07-B349-99A79B3D53C3}
	EndProjectSection
EndProject
Project("{8BC9CEB8-8B4A-11D0-8D11-00A0C91BC942}") = "NodeRpcProxy", "src\NodeRpcProxy.vcxproj", "{CE9B711C-A6CF-39F9-A03E-412F6C7D9690}"
	ProjectSection(ProjectDependencies) = postProject
	EndProjectSection
EndProject
Project("{8BC9CEB8-8B4A-11D0-8D11-00A0C91BC942}") = "NodeRpcProxyTests", "tests\NodeRpcProxyTests.vcxproj", "{840BF2F6-9DDF-32F2-A797-EF16CFC45126}"
	ProjectSection(ProjectDependencies) = postProject
		{6C7FCA29-C1AC-3C6A-B228-85E11516C171} = {6C7FCA29-C1AC-3C6A-B228-85E11516C171}
		{453CF665-73B6-3508-98F8-AF802D4D9662} = {453CF665-73B6-3508-98F8-AF802D4D9662}
		{CA9D0908-690F-3CB9-B433-095A0493D425} = {CA9D0908-690F-3CB9-B433-095A0493D425}
		{BDF36797-AEB5-3EE5-AE1D-160A33B1A940} = {BDF36797-AEB5-3EE5-AE1D-160A33B1A940}
		{3BB53270-620C-342F-8E3E-CA69CC71D27E} = {3BB53270-620C-342F-8E3E-CA69CC71D27E}
		{CE9B711C-A6CF-39F9-A03E-412F6C7D9690} = {CE9B711C-A6CF-39F9-A03E-412F6C7D9690}
		{0899EAE2-8622-3EDD-87DF-BC90119FA7AD} = {0899EAE2-8622-3EDD-87DF-BC90119FA7AD}
		{13CB257F-3F19-364B-9CA7-BE77B45B4368} = {13CB257F-3F19-364B-9CA7-BE77B45B4368}
		{8B41EC1F-9FF4-3B07-B349-99A79B3D53C3} = {8B41EC1F-9FF4-3B07-B349-99A79B3D53C3}
	EndProjectSection
EndProject
Project("{8BC9CEB8-8B4A-11D0-8D11-00A0C91BC942}") = "P2P", "src\P2P.vcxproj", "{0CF3D084-AFFE-3FDE-AD6D-2CBA6C67B0E5}"
	ProjectSection(ProjectDependencies) = postProject
		{2F8164BA-E061-3F34-B887-A6C0A1D8906A} = {2F8164BA-E061-3F34-B887-A6C0A1D8906A}
	EndProjectSection
EndProject
Project("{8BC9CEB8-8B4A-11D0-8D11-00A0C91BC942}") = "PaymentGate", "src\PaymentGate.vcxproj", "{C40499AF-477F-3C6B-8DD6-E87E8F404B38}"
	ProjectSection(ProjectDependencies) = postProject
	EndProjectSection
EndProject
Project("{8BC9CEB8-8B4A-11D0-8D11-00A0C91BC942}") = "PaymentGateService", "src\PaymentGateService.vcxproj", "{82332FE7-FA69-3E0A-9BD9-68829FF579D3}"
	ProjectSection(ProjectDependencies) = postProject
		{EB50CC41-D987-3E34-932E-2F9257143054} = {EB50CC41-D987-3E34-932E-2F9257143054}
		{6C7FCA29-C1AC-3C6A-B228-85E11516C171} = {6C7FCA29-C1AC-3C6A-B228-85E11516C171}
		{453CF665-73B6-3508-98F8-AF802D4D9662} = {453CF665-73B6-3508-98F8-AF802D4D9662}
		{CA9D0908-690F-3CB9-B433-095A0493D425} = {CA9D0908-690F-3CB9-B433-095A0493D425}
		{BDF36797-AEB5-3EE5-AE1D-160A33B1A940} = {BDF36797-AEB5-3EE5-AE1D-160A33B1A940}
		{BB50451A-4B5C-3B7A-8E24-323EC8B9C3A0} = {BB50451A-4B5C-3B7A-8E24-323EC8B9C3A0}
		{EC79C706-2416-3F72-8DFE-33B7B8D7C18F} = {EC79C706-2416-3F72-8DFE-33B7B8D7C18F}
		{3BB53270-620C-342F-8E3E-CA69CC71D27E} = {3BB53270-620C-342F-8E3E-CA69CC71D27E}
		{CE9B711C-A6CF-39F9-A03E-412F6C7D9690} = {CE9B711C-A6CF-39F9-A03E-412F6C7D9690}
		{0CF3D084-AFFE-3FDE-AD6D-2CBA6C67B0E5} = {0CF3D084-AFFE-3FDE-AD6D-2CBA6C67B0E5}
		{C40499AF-477F-3C6B-8DD6-E87E8F404B38} = {C40499AF-477F-3C6B-8DD6-E87E8F404B38}
		{0899EAE2-8622-3EDD-87DF-BC90119FA7AD} = {0899EAE2-8622-3EDD-87DF-BC90119FA7AD}
		{13CB257F-3F19-364B-9CA7-BE77B45B4368} = {13CB257F-3F19-364B-9CA7-BE77B45B4368}
		{8B41EC1F-9FF4-3B07-B349-99A79B3D53C3} = {8B41EC1F-9FF4-3B07-B349-99A79B3D53C3}
		{0DCA6458-76DB-3B01-BB9B-7E8DC6BEBB24} = {0DCA6458-76DB-3B01-BB9B-7E8DC6BEBB24}
		{87FC1A8E-FCF0-376B-BB00-CF005AD36BA0} = {87FC1A8E-FCF0-376B-BB00-CF005AD36BA0}
		{07EA16DF-6B7D-3D56-AC6F-FF5B9FE055FD} = {07EA16DF-6B7D-3D56-AC6F-FF5B9FE055FD}
		{2F8164BA-E061-3F34-B887-A6C0A1D8906A} = {2F8164BA-E061-3F34-B887-A6C0A1D8906A}
	EndProjectSection
EndProject
Project("{8BC9CEB8-8B4A-11D0-8D11-00A0C91BC942}") = "PerformanceTests", "tests\PerformanceTests.vcxproj", "{768C3144-455F-31FE-A68D-F35C590B711B}"
	ProjectSection(ProjectDependencies) = postProject
		{6C7FCA29-C1AC-3C6A-B228-85E11516C171} = {6C7FCA29-C1AC-3C6A-B228-85E11516C171}
		{453CF665-73B6-3508-98F8-AF802D4D9662} = {453CF665-73B6-3508-98F8-AF802D4D9662}
		{CA9D0908-690F-3CB9-B433-095A0493D425} = {CA9D0908-690F-3CB9-B433-095A0493D425}
		{3BB53270-620C-342F-8E3E-CA69CC71D27E} = {3BB53270-620C-342F-8E3E-CA69CC71D27E}
		{13CB257F-3F19-364B-9CA7-BE77B45B4368} = {13CB257F-3F19-364B-9CA7-BE77B45B4368}
	EndProjectSection
EndProject
Project("{8BC9CEB8-8B4A-11D0-8D11-00A0C91BC942}") = "RUN_TESTS", "RUN_TESTS.vcxproj", "{3E73D69E-D0FF-3954-A135-F55F0035D8D9}"
	ProjectSection(ProjectDependencies) = postProject
	EndProjectSection
EndProject
Project("{8BC9CEB8-8B4A-11D0-8D11-00A0C91BC942}") = "Rpc", "src\Rpc.vcxproj", "{0899EAE2-8622-3EDD-87DF-BC90119FA7AD}"
	ProjectSection(ProjectDependencies) = postProject
		{2F8164BA-E061-3F34-B887-A6C0A1D8906A} = {2F8164BA-E061-3F34-B887-A6C0A1D8906A}
	EndProjectSection
EndProject
Project("{8BC9CEB8-8B4A-11D0-8D11-00A0C91BC942}") = "Serialization", "src\Serialization.vcxproj", "{13CB257F-3F19-364B-9CA7-BE77B45B4368}"
	ProjectSection(ProjectDependencies) = postProject
	EndProjectSection
EndProject
Project("{8BC9CEB8-8B4A-11D0-8D11-00A0C91BC942}") = "SimpleWallet", "src\SimpleWallet.vcxproj", "{CE25A93E-7232-3649-A403-33174FC70B9A}"
	ProjectSection(ProjectDependencies) = postProject
		{6C7FCA29-C1AC-3C6A-B228-85E11516C171} = {6C7FCA29-C1AC-3C6A-B228-85E11516C171}
		{453CF665-73B6-3508-98F8-AF802D4D9662} = {453CF665-73B6-3508-98F8-AF802D4D9662}
		{CA9D0908-690F-3CB9-B433-095A0493D425} = {CA9D0908-690F-3CB9-B433-095A0493D425}
		{BDF36797-AEB5-3EE5-AE1D-160A33B1A940} = {BDF36797-AEB5-3EE5-AE1D-160A33B1A940}
		{3BB53270-620C-342F-8E3E-CA69CC71D27E} = {3BB53270-620C-342F-8E3E-CA69CC71D27E}
		{CE9B711C-A6CF-39F9-A03E-412F6C7D9690} = {CE9B711C-A6CF-39F9-A03E-412F6C7D9690}
		{0899EAE2-8622-3EDD-87DF-BC90119FA7AD} = {0899EAE2-8622-3EDD-87DF-BC90119FA7AD}
		{13CB257F-3F19-364B-9CA7-BE77B45B4368} = {13CB257F-3F19-364B-9CA7-BE77B45B4368}
		{8B41EC1F-9FF4-3B07-B349-99A79B3D53C3} = {8B41EC1F-9FF4-3B07-B349-99A79B3D53C3}
		{0DCA6458-76DB-3B01-BB9B-7E8DC6BEBB24} = {0DCA6458-76DB-3B01-BB9B-7E8DC6BEBB24}
		{87FC1A8E-FCF0-376B-BB00-CF005AD36BA0} = {87FC1A8E-FCF0-376B-BB00-CF005AD36BA0}
		{2F8164BA-E061-3F34-B887-A6C0A1D8906A} = {2F8164BA-E061-3F34-B887-A6C0A1D8906A}
	EndProjectSection
EndProject
Project("{8BC9CEB8-8B4A-11D0-8D11-00A0C91BC942}") = "System", "src\System.vcxproj", "{8B41EC1F-9FF4-3B07-B349-99A79B3D53C3}"
	ProjectSection(ProjectDependencies) = postProject
	EndProjectSection
EndProject
Project("{8BC9CEB8-8B4A-11D0-8D11-00A0C91BC942}") = "SystemTests", "tests\SystemTests.vcxproj", "{9EAE649D-3421-3C7E-B263-489F3BBEF577}"
	ProjectSection(ProjectDependencies) = postProject
		{8B41EC1F-9FF4-3B07-B349-99A79B3D53C3} = {8B41EC1F-9FF4-3B07-B349-99A79B3D53C3}
		{B14CA5A9-182C-3B09-BE81-73FDC4A20273} = {B14CA5A9-182C-3B09-BE81-73FDC4A20273}
		{DDDF00C9-1115-33F8-B174-839643CF5E6B} = {DDDF00C9-1115-33F8-B174-839643CF5E6B}
	EndProjectSection
EndProject
Project("{8BC9CEB8-8B4A-11D0-8D11-00A0C91BC942}") = "TestGenerator", "tests\TestGenerator.vcxproj", "{EB0374F8-C2A6-31DA-A928-CF35FB310E37}"
	ProjectSection(ProjectDependencies) = postProject
	EndProjectSection
EndProject
Project("{8BC9CEB8-8B4A-11D0-8D11-00A0C91BC942}") = "Transfers", "src\Transfers.vcxproj", "{0DCA6458-76DB-3B01-BB9B-7E8DC6BEBB24}"
	ProjectSection(ProjectDependencies) = postProject
	EndProjectSection
EndProject
Project("{8BC9CEB8-8B4A-11D0-8D11-00A0C91BC942}") = "TransfersTests", "tests\TransfersTests.vcxproj", "{8534BA4D-F508-309E-8E3F-703A763EB509}"
	ProjectSection(ProjectDependencies) = postProject
		{EB50CC41-D987-3E34-932E-2F9257143054} = {EB50CC41-D987-3E34-932E-2F9257143054}
		{6C7FCA29-C1AC-3C6A-B228-85E11516C171} = {6C7FCA29-C1AC-3C6A-B228-85E11516C171}
		{453CF665-73B6-3508-98F8-AF802D4D9662} = {453CF665-73B6-3508-98F8-AF802D4D9662}
		{CA9D0908-690F-3CB9-B433-095A0493D425} = {CA9D0908-690F-3CB9-B433-095A0493D425}
		{BDF36797-AEB5-3EE5-AE1D-160A33B1A940} = {BDF36797-AEB5-3EE5-AE1D-160A33B1A940}
		{BB50451A-4B5C-3B7A-8E24-323EC8B9C3A0} = {BB50451A-4B5C-3B7A-8E24-323EC8B9C3A0}
		{52AD87DC-245E-3143-80FB-0034A1FC6FCB} = {52AD87DC-245E-3143-80FB-0034A1FC6FCB}
		{3BB53270-620C-342F-8E3E-CA69CC71D27E} = {3BB53270-620C-342F-8E3E-CA69CC71D27E}
		{CE9B711C-A6CF-39F9-A03E-412F6C7D9690} = {CE9B711C-A6CF-39F9-A03E-412F6C7D9690}
		{0CF3D084-AFFE-3FDE-AD6D-2CBA6C67B0E5} = {0CF3D084-AFFE-3FDE-AD6D-2CBA6C67B0E5}
		{0899EAE2-8622-3EDD-87DF-BC90119FA7AD} = {0899EAE2-8622-3EDD-87DF-BC90119FA7AD}
		{13CB257F-3F19-364B-9CA7-BE77B45B4368} = {13CB257F-3F19-364B-9CA7-BE77B45B4368}
		{8B41EC1F-9FF4-3B07-B349-99A79B3D53C3} = {8B41EC1F-9FF4-3B07-B349-99A79B3D53C3}
		{0DCA6458-76DB-3B01-BB9B-7E8DC6BEBB24} = {0DCA6458-76DB-3B01-BB9B-7E8DC6BEBB24}
		{87FC1A8E-FCF0-376B-BB00-CF005AD36BA0} = {87FC1A8E-FCF0-376B-BB00-CF005AD36BA0}
		{B14CA5A9-182C-3B09-BE81-73FDC4A20273} = {B14CA5A9-182C-3B09-BE81-73FDC4A20273}
		{DDDF00C9-1115-33F8-B174-839643CF5E6B} = {DDDF00C9-1115-33F8-B174-839643CF5E6B}
		{07EA16DF-6B7D-3D56-AC6F-FF5B9FE055FD} = {07EA16DF-6B7D-3D56-AC6F-FF5B9FE055FD}
	EndProjectSection
EndProject
Project("{8BC9CEB8-8B4A-11D0-8D11-00A0C91BC942}") = "UnitTests", "tests\UnitTests.vcxproj", "{A515CA4A-957A-3504-B2EF-ECEB968E1B01}"
	ProjectSection(ProjectDependencies) = postProject
		{EB50CC41-D987-3E34-932E-2F9257143054} = {EB50CC41-D987-3E34-932E-2F9257143054}
		{6C7FCA29-C1AC-3C6A-B228-85E11516C171} = {6C7FCA29-C1AC-3C6A-B228-85E11516C171}
		{453CF665-73B6-3508-98F8-AF802D4D9662} = {453CF665-73B6-3508-98F8-AF802D4D9662}
		{CA9D0908-690F-3CB9-B433-095A0493D425} = {CA9D0908-690F-3CB9-B433-095A0493D425}
		{BDF36797-AEB5-3EE5-AE1D-160A33B1A940} = {BDF36797-AEB5-3EE5-AE1D-160A33B1A940}
		{BB50451A-4B5C-3B7A-8E24-323EC8B9C3A0} = {BB50451A-4B5C-3B7A-8E24-323EC8B9C3A0}
		{3BB53270-620C-342F-8E3E-CA69CC71D27E} = {3BB53270-620C-342F-8E3E-CA69CC71D27E}
		{CE9B711C-A6CF-39F9-A03E-412F6C7D9690} = {CE9B711C-A6CF-39F9-A03E-412F6C7D9690}
		{C40499AF-477F-3C6B-8DD6-E87E8F404B38} = {C40499AF-477F-3C6B-8DD6-E87E8F404B38}
		{0899EAE2-8622-3EDD-87DF-BC90119FA7AD} = {0899EAE2-8622-3EDD-87DF-BC90119FA7AD}
		{13CB257F-3F19-364B-9CA7-BE77B45B4368} = {13CB257F-3F19-364B-9CA7-BE77B45B4368}
		{8B41EC1F-9FF4-3B07-B349-99A79B3D53C3} = {8B41EC1F-9FF4-3B07-B349-99A79B3D53C3}
		{EB0374F8-C2A6-31DA-A928-CF35FB310E37} = {EB0374F8-C2A6-31DA-A928-CF35FB310E37}
		{0DCA6458-76DB-3B01-BB9B-7E8DC6BEBB24} = {0DCA6458-76DB-3B01-BB9B-7E8DC6BEBB24}
		{87FC1A8E-FCF0-376B-BB00-CF005AD36BA0} = {87FC1A8E-FCF0-376B-BB00-CF005AD36BA0}
		{B14CA5A9-182C-3B09-BE81-73FDC4A20273} = {B14CA5A9-182C-3B09-BE81-73FDC4A20273}
		{DDDF00C9-1115-33F8-B174-839643CF5E6B} = {DDDF00C9-1115-33F8-B174-839643CF5E6B}
	EndProjectSection
EndProject
Project("{8BC9CEB8-8B4A-11D0-8D11-00A0C91BC942}") = "Wallet", "src\Wallet.vcxproj", "{87FC1A8E-FCF0-376B-BB00-CF005AD36BA0}"
	ProjectSection(ProjectDependencies) = postProject
	EndProjectSection
EndProject
Project("{8BC9CEB8-8B4A-11D0-8D11-00A0C91BC942}") = "gtest", "external\gtest\gtest.vcxproj", "{B14CA5A9-182C-3B09-BE81-73FDC4A20273}"
	ProjectSection(ProjectDependencies) = postProject
	EndProjectSection
EndProject
Project("{8BC9CEB8-8B4A-11D0-8D11-00A0C91BC942}") = "gtest_main", "external\gtest\gtest_main.vcxproj", "{DDDF00C9-1115-33F8-B174-839643CF5E6B}"
	ProjectSection(ProjectDependencies) = postProject
		{B14CA5A9-182C-3B09-BE81-73FDC4A20273} = {B14CA5A9-182C-3B09-BE81-73FDC4A20273}
	EndProjectSection
EndProject
Project("{8BC9CEB8-8B4A-11D0-8D11-00A0C91BC942}") = "tests", "tests\tests.vcxproj", "{2F49A18C-E135-33A0-95AD-1610E8D21EB0}"
	ProjectSection(ProjectDependencies) = postProject
		{67AA2FD4-BAFF-333E-8999-FE6AB1CF11B6} = {67AA2FD4-BAFF-333E-8999-FE6AB1CF11B6}
		{22021890-4AD9-3345-BBCB-5ABB18AEA715} = {22021890-4AD9-3345-BBCB-5ABB18AEA715}
		{BA0D6FAB-9EA3-3B56-B299-4E487CEAD7EB} = {BA0D6FAB-9EA3-3B56-B299-4E487CEAD7EB}
		{14E6198C-7469-379C-BD31-0AC5E5720F54} = {14E6198C-7469-379C-BD31-0AC5E5720F54}
		{840BF2F6-9DDF-32F2-A797-EF16CFC45126} = {840BF2F6-9DDF-32F2-A797-EF16CFC45126}
		{768C3144-455F-31FE-A68D-F35C590B711B} = {768C3144-455F-31FE-A68D-F35C590B711B}
		{9EAE649D-3421-3C7E-B263-489F3BBEF577} = {9EAE649D-3421-3C7E-B263-489F3BBEF577}
		{8534BA4D-F508-309E-8E3F-703A763EB509} = {8534BA4D-F508-309E-8E3F-703A763EB509}
		{A515CA4A-957A-3504-B2EF-ECEB968E1B01} = {A515CA4A-957A-3504-B2EF-ECEB968E1B01}
	EndProjectSection
EndProject
Project("{8BC9CEB8-8B4A-11D0-8D11-00A0C91BC942}") = "upnpc-static", "external\miniupnpc\upnpc-static.vcxproj", "{07EA16DF-6B7D-3D56-AC6F-FF5B9FE055FD}"
	ProjectSection(ProjectDependencies) = postProject
	EndProjectSection
EndProject
Project("{8BC9CEB8-8B4A-11D0-8D11-00A0C91BC942}") = "version", "version.vcxproj", "{2F8164BA-E061-3F34-B887-A6C0A1D8906A}"
	ProjectSection(ProjectDependencies) = postProject
	EndProjectSection
EndProject
Global
	GlobalSection(SolutionConfigurationPlatforms) = preSolution
		Debug|Win32 = Debug|Win32
		RelWithDebInfo|Win32 = RelWithDebInfo|Win32
		Release|Win32 = Release|Win32
	EndGlobalSection
	GlobalSection(ProjectConfigurationPlatforms) = postSolution
		{7B05F0CF-B71C-3948-ACAF-9E95D72D1AC8}.Debug|Win32.ActiveCfg = Debug|Win32
		{7B05F0CF-B71C-3948-ACAF-9E95D72D1AC8}.RelWithDebInfo|Win32.ActiveCfg = RelWithDebInfo|Win32
		{7B05F0CF-B71C-3948-ACAF-9E95D72D1AC8}.Release|Win32.ActiveCfg = Release|Win32
		{EB50CC41-D987-3E34-932E-2F9257143054}.Debug|Win32.ActiveCfg = Debug|Win32
		{EB50CC41-D987-3E34-932E-2F9257143054}.Debug|Win32.Build.0 = Debug|Win32
		{EB50CC41-D987-3E34-932E-2F9257143054}.RelWithDebInfo|Win32.ActiveCfg = RelWithDebInfo|Win32
		{EB50CC41-D987-3E34-932E-2F9257143054}.RelWithDebInfo|Win32.Build.0 = RelWithDebInfo|Win32
		{EB50CC41-D987-3E34-932E-2F9257143054}.Release|Win32.ActiveCfg = Release|Win32
		{EB50CC41-D987-3E34-932E-2F9257143054}.Release|Win32.Build.0 = Release|Win32
		{6C7FCA29-C1AC-3C6A-B228-85E11516C171}.Debug|Win32.ActiveCfg = Debug|Win32
		{6C7FCA29-C1AC-3C6A-B228-85E11516C171}.Debug|Win32.Build.0 = Debug|Win32
		{6C7FCA29-C1AC-3C6A-B228-85E11516C171}.RelWithDebInfo|Win32.ActiveCfg = RelWithDebInfo|Win32
		{6C7FCA29-C1AC-3C6A-B228-85E11516C171}.RelWithDebInfo|Win32.Build.0 = RelWithDebInfo|Win32
		{6C7FCA29-C1AC-3C6A-B228-85E11516C171}.Release|Win32.ActiveCfg = Release|Win32
		{6C7FCA29-C1AC-3C6A-B228-85E11516C171}.Release|Win32.Build.0 = Release|Win32
		{EFDF595F-5790-3E21-AE6D-DC15EC46B3B2}.Debug|Win32.ActiveCfg = Debug|Win32
		{EFDF595F-5790-3E21-AE6D-DC15EC46B3B2}.Debug|Win32.Build.0 = Debug|Win32
		{EFDF595F-5790-3E21-AE6D-DC15EC46B3B2}.RelWithDebInfo|Win32.ActiveCfg = RelWithDebInfo|Win32
		{EFDF595F-5790-3E21-AE6D-DC15EC46B3B2}.RelWithDebInfo|Win32.Build.0 = RelWithDebInfo|Win32
		{EFDF595F-5790-3E21-AE6D-DC15EC46B3B2}.Release|Win32.ActiveCfg = Release|Win32
		{EFDF595F-5790-3E21-AE6D-DC15EC46B3B2}.Release|Win32.Build.0 = Release|Win32
		{67AA2FD4-BAFF-333E-8999-FE6AB1CF11B6}.Debug|Win32.ActiveCfg = Debug|Win32
		{67AA2FD4-BAFF-333E-8999-FE6AB1CF11B6}.Debug|Win32.Build.0 = Debug|Win32
		{67AA2FD4-BAFF-333E-8999-FE6AB1CF11B6}.RelWithDebInfo|Win32.ActiveCfg = RelWithDebInfo|Win32
		{67AA2FD4-BAFF-333E-8999-FE6AB1CF11B6}.RelWithDebInfo|Win32.Build.0 = RelWithDebInfo|Win32
		{67AA2FD4-BAFF-333E-8999-FE6AB1CF11B6}.Release|Win32.ActiveCfg = Release|Win32
		{67AA2FD4-BAFF-333E-8999-FE6AB1CF11B6}.Release|Win32.Build.0 = Release|Win32
		{453CF665-73B6-3508-98F8-AF802D4D9662}.Debug|Win32.ActiveCfg = Debug|Win32
		{453CF665-73B6-3508-98F8-AF802D4D9662}.Debug|Win32.Build.0 = Debug|Win32
		{453CF665-73B6-3508-98F8-AF802D4D9662}.RelWithDebInfo|Win32.ActiveCfg = RelWithDebInfo|Win32
		{453CF665-73B6-3508-98F8-AF802D4D9662}.RelWithDebInfo|Win32.Build.0 = RelWithDebInfo|Win32
		{453CF665-73B6-3508-98F8-AF802D4D9662}.Release|Win32.ActiveCfg = Release|Win32
		{453CF665-73B6-3508-98F8-AF802D4D9662}.Release|Win32.Build.0 = Release|Win32
		{CA9D0908-690F-3CB9-B433-095A0493D425}.Debug|Win32.ActiveCfg = Debug|Win32
		{CA9D0908-690F-3CB9-B433-095A0493D425}.Debug|Win32.Build.0 = Debug|Win32
		{CA9D0908-690F-3CB9-B433-095A0493D425}.RelWithDebInfo|Win32.ActiveCfg = RelWithDebInfo|Win32
		{CA9D0908-690F-3CB9-B433-095A0493D425}.RelWithDebInfo|Win32.Build.0 = RelWithDebInfo|Win32
		{CA9D0908-690F-3CB9-B433-095A0493D425}.Release|Win32.ActiveCfg = Release|Win32
		{CA9D0908-690F-3CB9-B433-095A0493D425}.Release|Win32.Build.0 = Release|Win32
		{B50DD85C-FCAA-3B76-BD05-C89D098ACEAA}.Debug|Win32.ActiveCfg = Debug|Win32
		{B50DD85C-FCAA-3B76-BD05-C89D098ACEAA}.Debug|Win32.Build.0 = Debug|Win32
		{B50DD85C-FCAA-3B76-BD05-C89D098ACEAA}.RelWithDebInfo|Win32.ActiveCfg = RelWithDebInfo|Win32
		{B50DD85C-FCAA-3B76-BD05-C89D098ACEAA}.RelWithDebInfo|Win32.Build.0 = RelWithDebInfo|Win32
		{B50DD85C-FCAA-3B76-BD05-C89D098ACEAA}.Release|Win32.ActiveCfg = Release|Win32
		{B50DD85C-FCAA-3B76-BD05-C89D098ACEAA}.Release|Win32.Build.0 = Release|Win32
		{EBA59956-8FB9-3E94-B49D-884DA4FD5F01}.Debug|Win32.ActiveCfg = Debug|Win32
		{EBA59956-8FB9-3E94-B49D-884DA4FD5F01}.Debug|Win32.Build.0 = Debug|Win32
		{EBA59956-8FB9-3E94-B49D-884DA4FD5F01}.RelWithDebInfo|Win32.ActiveCfg = RelWithDebInfo|Win32
		{EBA59956-8FB9-3E94-B49D-884DA4FD5F01}.RelWithDebInfo|Win32.Build.0 = RelWithDebInfo|Win32
		{EBA59956-8FB9-3E94-B49D-884DA4FD5F01}.Release|Win32.ActiveCfg = Release|Win32
		{EBA59956-8FB9-3E94-B49D-884DA4FD5F01}.Release|Win32.Build.0 = Release|Win32
		{22021890-4AD9-3345-BBCB-5ABB18AEA715}.Debug|Win32.ActiveCfg = Debug|Win32
		{22021890-4AD9-3345-BBCB-5ABB18AEA715}.Debug|Win32.Build.0 = Debug|Win32
		{22021890-4AD9-3345-BBCB-5ABB18AEA715}.RelWithDebInfo|Win32.ActiveCfg = RelWithDebInfo|Win32
		{22021890-4AD9-3345-BBCB-5ABB18AEA715}.RelWithDebInfo|Win32.Build.0 = RelWithDebInfo|Win32
		{22021890-4AD9-3345-BBCB-5ABB18AEA715}.Release|Win32.ActiveCfg = Release|Win32
		{22021890-4AD9-3345-BBCB-5ABB18AEA715}.Release|Win32.Build.0 = Release|Win32
		{BA0D6FAB-9EA3-3B56-B299-4E487CEAD7EB}.Debug|Win32.ActiveCfg = Debug|Win32
		{BA0D6FAB-9EA3-3B56-B299-4E487CEAD7EB}.Debug|Win32.Build.0 = Debug|Win32
		{BA0D6FAB-9EA3-3B56-B299-4E487CEAD7EB}.RelWithDebInfo|Win32.ActiveCfg = RelWithDebInfo|Win32
		{BA0D6FAB-9EA3-3B56-B299-4E487CEAD7EB}.RelWithDebInfo|Win32.Build.0 = RelWithDebInfo|Win32
		{BA0D6FAB-9EA3-3B56-B299-4E487CEAD7EB}.Release|Win32.ActiveCfg = Release|Win32
		{BA0D6FAB-9EA3-3B56-B299-4E487CEAD7EB}.Release|Win32.Build.0 = Release|Win32
		{0F70153C-ABCA-3448-89A8-ABEE501CC1E5}.Debug|Win32.ActiveCfg = Debug|Win32
		{0F70153C-ABCA-3448-89A8-ABEE501CC1E5}.Debug|Win32.Build.0 = Debug|Win32
		{0F70153C-ABCA-3448-89A8-ABEE501CC1E5}.RelWithDebInfo|Win32.ActiveCfg = RelWithDebInfo|Win32
		{0F70153C-ABCA-3448-89A8-ABEE501CC1E5}.RelWithDebInfo|Win32.Build.0 = RelWithDebInfo|Win32
		{0F70153C-ABCA-3448-89A8-ABEE501CC1E5}.Release|Win32.ActiveCfg = Release|Win32
		{0F70153C-ABCA-3448-89A8-ABEE501CC1E5}.Release|Win32.Build.0 = Release|Win32
		{BDF36797-AEB5-3EE5-AE1D-160A33B1A940}.Debug|Win32.ActiveCfg = Debug|Win32
		{BDF36797-AEB5-3EE5-AE1D-160A33B1A940}.Debug|Win32.Build.0 = Debug|Win32
		{BDF36797-AEB5-3EE5-AE1D-160A33B1A940}.RelWithDebInfo|Win32.ActiveCfg = RelWithDebInfo|Win32
		{BDF36797-AEB5-3EE5-AE1D-160A33B1A940}.RelWithDebInfo|Win32.Build.0 = RelWithDebInfo|Win32
		{BDF36797-AEB5-3EE5-AE1D-160A33B1A940}.Release|Win32.ActiveCfg = Release|Win32
		{BDF36797-AEB5-3EE5-AE1D-160A33B1A940}.Release|Win32.Build.0 = Release|Win32
		{BB50451A-4B5C-3B7A-8E24-323EC8B9C3A0}.Debug|Win32.ActiveCfg = Debug|Win32
		{BB50451A-4B5C-3B7A-8E24-323EC8B9C3A0}.Debug|Win32.Build.0 = Debug|Win32
		{BB50451A-4B5C-3B7A-8E24-323EC8B9C3A0}.RelWithDebInfo|Win32.ActiveCfg = RelWithDebInfo|Win32
		{BB50451A-4B5C-3B7A-8E24-323EC8B9C3A0}.RelWithDebInfo|Win32.Build.0 = RelWithDebInfo|Win32
		{BB50451A-4B5C-3B7A-8E24-323EC8B9C3A0}.Release|Win32.ActiveCfg = Release|Win32
		{BB50451A-4B5C-3B7A-8E24-323EC8B9C3A0}.Release|Win32.Build.0 = Release|Win32
		{52AD87DC-245E-3143-80FB-0034A1FC6FCB}.Debug|Win32.ActiveCfg = Debug|Win32
		{52AD87DC-245E-3143-80FB-0034A1FC6FCB}.Debug|Win32.Build.0 = Debug|Win32
		{52AD87DC-245E-3143-80FB-0034A1FC6FCB}.RelWithDebInfo|Win32.ActiveCfg = RelWithDebInfo|Win32
		{52AD87DC-245E-3143-80FB-0034A1FC6FCB}.RelWithDebInfo|Win32.Build.0 = RelWithDebInfo|Win32
		{52AD87DC-245E-3143-80FB-0034A1FC6FCB}.Release|Win32.ActiveCfg = Release|Win32
		{52AD87DC-245E-3143-80FB-0034A1FC6FCB}.Release|Win32.Build.0 = Release|Win32
		{14E6198C-7469-379C-BD31-0AC5E5720F54}.Debug|Win32.ActiveCfg = Debug|Win32
		{14E6198C-7469-379C-BD31-0AC5E5720F54}.Debug|Win32.Build.0 = Debug|Win32
		{14E6198C-7469-379C-BD31-0AC5E5720F54}.RelWithDebInfo|Win32.ActiveCfg = RelWithDebInfo|Win32
		{14E6198C-7469-379C-BD31-0AC5E5720F54}.RelWithDebInfo|Win32.Build.0 = RelWithDebInfo|Win32
		{14E6198C-7469-379C-BD31-0AC5E5720F54}.Release|Win32.ActiveCfg = Release|Win32
		{14E6198C-7469-379C-BD31-0AC5E5720F54}.Release|Win32.Build.0 = Release|Win32
		{EC79C706-2416-3F72-8DFE-33B7B8D7C18F}.Debug|Win32.ActiveCfg = Debug|Win32
		{EC79C706-2416-3F72-8DFE-33B7B8D7C18F}.Debug|Win32.Build.0 = Debug|Win32
		{EC79C706-2416-3F72-8DFE-33B7B8D7C18F}.RelWithDebInfo|Win32.ActiveCfg = RelWithDebInfo|Win32
		{EC79C706-2416-3F72-8DFE-33B7B8D7C18F}.RelWithDebInfo|Win32.Build.0 = RelWithDebInfo|Win32
		{EC79C706-2416-3F72-8DFE-33B7B8D7C18F}.Release|Win32.ActiveCfg = Release|Win32
		{EC79C706-2416-3F72-8DFE-33B7B8D7C18F}.Release|Win32.Build.0 = Release|Win32
		{3BB53270-620C-342F-8E3E-CA69CC71D27E}.Debug|Win32.ActiveCfg = Debug|Win32
		{3BB53270-620C-342F-8E3E-CA69CC71D27E}.Debug|Win32.Build.0 = Debug|Win32
		{3BB53270-620C-342F-8E3E-CA69CC71D27E}.RelWithDebInfo|Win32.ActiveCfg = RelWithDebInfo|Win32
		{3BB53270-620C-342F-8E3E-CA69CC71D27E}.RelWithDebInfo|Win32.Build.0 = RelWithDebInfo|Win32
		{3BB53270-620C-342F-8E3E-CA69CC71D27E}.Release|Win32.ActiveCfg = Release|Win32
		{3BB53270-620C-342F-8E3E-CA69CC71D27E}.Release|Win32.Build.0 = Release|Win32
		{5960EBAC-5DF1-3D55-9DC0-469D5CA3681F}.Debug|Win32.ActiveCfg = Debug|Win32
		{5960EBAC-5DF1-3D55-9DC0-469D5CA3681F}.Debug|Win32.Build.0 = Debug|Win32
		{5960EBAC-5DF1-3D55-9DC0-469D5CA3681F}.RelWithDebInfo|Win32.ActiveCfg = RelWithDebInfo|Win32
		{5960EBAC-5DF1-3D55-9DC0-469D5CA3681F}.RelWithDebInfo|Win32.Build.0 = RelWithDebInfo|Win32
		{5960EBAC-5DF1-3D55-9DC0-469D5CA3681F}.Release|Win32.ActiveCfg = Release|Win32
		{5960EBAC-5DF1-3D55-9DC0-469D5CA3681F}.Release|Win32.Build.0 = Release|Win32
		{CE9B711C-A6CF-39F9-A03E-412F6C7D9690}.Debug|Win32.ActiveCfg = Debug|Win32
		{CE9B711C-A6CF-39F9-A03E-412F6C7D9690}.Debug|Win32.Build.0 = Debug|Win32
		{CE9B711C-A6CF-39F9-A03E-412F6C7D9690}.RelWithDebInfo|Win32.ActiveCfg = RelWithDebInfo|Win32
		{CE9B711C-A6CF-39F9-A03E-412F6C7D9690}.RelWithDebInfo|Win32.Build.0 = RelWithDebInfo|Win32
		{CE9B711C-A6CF-39F9-A03E-412F6C7D9690}.Release|Win32.ActiveCfg = Release|Win32
		{CE9B711C-A6CF-39F9-A03E-412F6C7D9690}.Release|Win32.Build.0 = Release|Win32
		{840BF2F6-9DDF-32F2-A797-EF16CFC45126}.Debug|Win32.ActiveCfg = Debug|Win32
		{840BF2F6-9DDF-32F2-A797-EF16CFC45126}.Debug|Win32.Build.0 = Debug|Win32
		{840BF2F6-9DDF-32F2-A797-EF16CFC45126}.RelWithDebInfo|Win32.ActiveCfg = RelWithDebInfo|Win32
		{840BF2F6-9DDF-32F2-A797-EF16CFC45126}.RelWithDebInfo|Win32.Build.0 = RelWithDebInfo|Win32
		{840BF2F6-9DDF-32F2-A797-EF16CFC45126}.Release|Win32.ActiveCfg = Release|Win32
		{840BF2F6-9DDF-32F2-A797-EF16CFC45126}.Release|Win32.Build.0 = Release|Win32
		{0CF3D084-AFFE-3FDE-AD6D-2CBA6C67B0E5}.Debug|Win32.ActiveCfg = Debug|Win32
		{0CF3D084-AFFE-3FDE-AD6D-2CBA6C67B0E5}.Debug|Win32.Build.0 = Debug|Win32
		{0CF3D084-AFFE-3FDE-AD6D-2CBA6C67B0E5}.RelWithDebInfo|Win32.ActiveCfg = RelWithDebInfo|Win32
		{0CF3D084-AFFE-3FDE-AD6D-2CBA6C67B0E5}.RelWithDebInfo|Win32.Build.0 = RelWithDebInfo|Win32
		{0CF3D084-AFFE-3FDE-AD6D-2CBA6C67B0E5}.Release|Win32.ActiveCfg = Release|Win32
		{0CF3D084-AFFE-3FDE-AD6D-2CBA6C67B0E5}.Release|Win32.Build.0 = Release|Win32
		{C40499AF-477F-3C6B-8DD6-E87E8F404B38}.Debug|Win32.ActiveCfg = Debug|Win32
		{C40499AF-477F-3C6B-8DD6-E87E8F404B38}.Debug|Win32.Build.0 = Debug|Win32
		{C40499AF-477F-3C6B-8DD6-E87E8F404B38}.RelWithDebInfo|Win32.ActiveCfg = RelWithDebInfo|Win32
		{C40499AF-477F-3C6B-8DD6-E87E8F404B38}.RelWithDebInfo|Win32.Build.0 = RelWithDebInfo|Win32
		{C40499AF-477F-3C6B-8DD6-E87E8F404B38}.Release|Win32.ActiveCfg = Release|Win32
		{C40499AF-477F-3C6B-8DD6-E87E8F404B38}.Release|Win32.Build.0 = Release|Win32
		{82332FE7-FA69-3E0A-9BD9-68829FF579D3}.Debug|Win32.ActiveCfg = Debug|Win32
		{82332FE7-FA69-3E0A-9BD9-68829FF579D3}.Debug|Win32.Build.0 = Debug|Win32
		{82332FE7-FA69-3E0A-9BD9-68829FF579D3}.RelWithDebInfo|Win32.ActiveCfg = RelWithDebInfo|Win32
		{82332FE7-FA69-3E0A-9BD9-68829FF579D3}.RelWithDebInfo|Win32.Build.0 = RelWithDebInfo|Win32
		{82332FE7-FA69-3E0A-9BD9-68829FF579D3}.Release|Win32.ActiveCfg = Release|Win32
		{82332FE7-FA69-3E0A-9BD9-68829FF579D3}.Release|Win32.Build.0 = Release|Win32
		{768C3144-455F-31FE-A68D-F35C590B711B}.Debug|Win32.ActiveCfg = Debug|Win32
		{768C3144-455F-31FE-A68D-F35C590B711B}.Debug|Win32.Build.0 = Debug|Win32
		{768C3144-455F-31FE-A68D-F35C590B711B}.RelWithDebInfo|Win32.ActiveCfg = RelWithDebInfo|Win32
		{768C3144-455F-31FE-A68D-F35C590B711B}.RelWithDebInfo|Win32.Build.0 = RelWithDebInfo|Win32
		{768C3144-455F-31FE-A68D-F35C590B711B}.Release|Win32.ActiveCfg = Release|Win32
		{768C3144-455F-31FE-A68D-F35C590B711B}.Release|Win32.Build.0 = Release|Win32
		{3E73D69E-D0FF-3954-A135-F55F0035D8D9}.Debug|Win32.ActiveCfg = Debug|Win32
		{3E73D69E-D0FF-3954-A135-F55F0035D8D9}.RelWithDebInfo|Win32.ActiveCfg = RelWithDebInfo|Win32
		{3E73D69E-D0FF-3954-A135-F55F0035D8D9}.Release|Win32.ActiveCfg = Release|Win32
		{0899EAE2-8622-3EDD-87DF-BC90119FA7AD}.Debug|Win32.ActiveCfg = Debug|Win32
		{0899EAE2-8622-3EDD-87DF-BC90119FA7AD}.Debug|Win32.Build.0 = Debug|Win32
		{0899EAE2-8622-3EDD-87DF-BC90119FA7AD}.RelWithDebInfo|Win32.ActiveCfg = RelWithDebInfo|Win32
		{0899EAE2-8622-3EDD-87DF-BC90119FA7AD}.RelWithDebInfo|Win32.Build.0 = RelWithDebInfo|Win32
		{0899EAE2-8622-3EDD-87DF-BC90119FA7AD}.Release|Win32.ActiveCfg = Release|Win32
		{0899EAE2-8622-3EDD-87DF-BC90119FA7AD}.Release|Win32.Build.0 = Release|Win32
		{13CB257F-3F19-364B-9CA7-BE77B45B4368}.Debug|Win32.ActiveCfg = Debug|Win32
		{13CB257F-3F19-364B-9CA7-BE77B45B4368}.Debug|Win32.Build.0 = Debug|Win32
		{13CB257F-3F19-364B-9CA7-BE77B45B4368}.RelWithDebInfo|Win32.ActiveCfg = RelWithDebInfo|Win32
		{13CB257F-3F19-364B-9CA7-BE77B45B4368}.RelWithDebInfo|Win32.Build.0 = RelWithDebInfo|Win32
		{13CB257F-3F19-364B-9CA7-BE77B45B4368}.Release|Win32.ActiveCfg = Release|Win32
		{13CB257F-3F19-364B-9CA7-BE77B45B4368}.Release|Win32.Build.0 = Release|Win32
		{CE25A93E-7232-3649-A403-33174FC70B9A}.Debug|Win32.ActiveCfg = Debug|Win32
		{CE25A93E-7232-3649-A403-33174FC70B9A}.Debug|Win32.Build.0 = Debug|Win32
		{CE25A93E-7232-3649-A403-33174FC70B9A}.RelWithDebInfo|Win32.ActiveCfg = RelWithDebInfo|Win32
		{CE25A93E-7232-3649-A403-33174FC70B9A}.RelWithDebInfo|Win32.Build.0 = RelWithDebInfo|Win32
		{CE25A93E-7232-3649-A403-33174FC70B9A}.Release|Win32.ActiveCfg = Release|Win32
		{CE25A93E-7232-3649-A403-33174FC70B9A}.Release|Win32.Build.0 = Release|Win32
		{8B41EC1F-9FF4-3B07-B349-99A79B3D53C3}.Debug|Win32.ActiveCfg = Debug|Win32
		{8B41EC1F-9FF4-3B07-B349-99A79B3D53C3}.Debug|Win32.Build.0 = Debug|Win32
		{8B41EC1F-9FF4-3B07-B349-99A79B3D53C3}.RelWithDebInfo|Win32.ActiveCfg = RelWithDebInfo|Win32
		{8B41EC1F-9FF4-3B07-B349-99A79B3D53C3}.RelWithDebInfo|Win32.Build.0 = RelWithDebInfo|Win32
		{8B41EC1F-9FF4-3B07-B349-99A79B3D53C3}.Release|Win32.ActiveCfg = Release|Win32
		{8B41EC1F-9FF4-3B07-B349-99A79B3D53C3}.Release|Win32.Build.0 = Release|Win32
		{9EAE649D-3421-3C7E-B263-489F3BBEF577}.Debug|Win32.ActiveCfg = Debug|Win32
		{9EAE649D-3421-3C7E-B263-489F3BBEF577}.Debug|Win32.Build.0 = Debug|Win32
		{9EAE649D-3421-3C7E-B263-489F3BBEF577}.RelWithDebInfo|Win32.ActiveCfg = RelWithDebInfo|Win32
		{9EAE649D-3421-3C7E-B263-489F3BBEF577}.RelWithDebInfo|Win32.Build.0 = RelWithDebInfo|Win32
		{9EAE649D-3421-3C7E-B263-489F3BBEF577}.Release|Win32.ActiveCfg = Release|Win32
		{9EAE649D-3421-3C7E-B263-489F3BBEF577}.Release|Win32.Build.0 = Release|Win32
		{EB0374F8-C2A6-31DA-A928-CF35FB310E37}.Debug|Win32.ActiveCfg = Debug|Win32
		{EB0374F8-C2A6-31DA-A928-CF35FB310E37}.Debug|Win32.Build.0 = Debug|Win32
		{EB0374F8-C2A6-31DA-A928-CF35FB310E37}.RelWithDebInfo|Win32.ActiveCfg = RelWithDebInfo|Win32
		{EB0374F8-C2A6-31DA-A928-CF35FB310E37}.RelWithDebInfo|Win32.Build.0 = RelWithDebInfo|Win32
		{EB0374F8-C2A6-31DA-A928-CF35FB310E37}.Release|Win32.ActiveCfg = Release|Win32
		{EB0374F8-C2A6-31DA-A928-CF35FB310E37}.Release|Win32.Build.0 = Release|Win32
		{0DCA6458-76DB-3B01-BB9B-7E8DC6BEBB24}.Debug|Win32.ActiveCfg = Debug|Win32
		{0DCA6458-76DB-3B01-BB9B-7E8DC6BEBB24}.Debug|Win32.Build.0 = Debug|Win32
		{0DCA6458-76DB-3B01-BB9B-7E8DC6BEBB24}.RelWithDebInfo|Win32.ActiveCfg = RelWithDebInfo|Win32
		{0DCA6458-76DB-3B01-BB9B-7E8DC6BEBB24}.RelWithDebInfo|Win32.Build.0 = RelWithDebInfo|Win32
		{0DCA6458-76DB-3B01-BB9B-7E8DC6BEBB24}.Release|Win32.ActiveCfg = Release|Win32
		{0DCA6458-76DB-3B01-BB9B-7E8DC6BEBB24}.Release|Win32.Build.0 = Release|Win32
		{8534BA4D-F508-309E-8E3F-703A763EB509}.Debug|Win32.ActiveCfg = Debug|Win32
		{8534BA4D-F508-309E-8E3F-703A763EB509}.Debug|Win32.Build.0 = Debug|Win32
		{8534BA4D-F508-309E-8E3F-703A763EB509}.RelWithDebInfo|Win32.ActiveCfg = RelWithDebInfo|Win32
		{8534BA4D-F508-309E-8E3F-703A763EB509}.RelWithDebInfo|Win32.Build.0 = RelWithDebInfo|Win32
		{8534BA4D-F508-309E-8E3F-703A763EB509}.Release|Win32.ActiveCfg = Release|Win32
		{8534BA4D-F508-309E-8E3F-703A763EB509}.Release|Win32.Build.0 = Release|Win32
		{A515CA4A-957A-3504-B2EF-ECEB968E1B01}.Debug|Win32.ActiveCfg = Debug|Win32
		{A515CA4A-957A-3504-B2EF-ECEB968E1B01}.Debug|Win32.Build.0 = Debug|Win32
		{A515CA4A-957A-3504-B2EF-ECEB968E1B01}.RelWithDebInfo|Win32.ActiveCfg = RelWithDebInfo|Win32
		{A515CA4A-957A-3504-B2EF-ECEB968E1B01}.RelWithDebInfo|Win32.Build.0 = RelWithDebInfo|Win32
		{A515CA4A-957A-3504-B2EF-ECEB968E1B01}.Release|Win32.ActiveCfg = Release|Win32
		{A515CA4A-957A-3504-B2EF-ECEB968E1B01}.Release|Win32.Build.0 = Release|Win32
		{87FC1A8E-FCF0-376B-BB00-CF005AD36BA0}.Debug|Win32.ActiveCfg = Debug|Win32
		{87FC1A8E-FCF0-376B-BB00-CF005AD36BA0}.Debug|Win32.Build.0 = Debug|Win32
		{87FC1A8E-FCF0-376B-BB00-CF005AD36BA0}.RelWithDebInfo|Win32.ActiveCfg = RelWithDebInfo|Win32
		{87FC1A8E-FCF0-376B-BB00-CF005AD36BA0}.RelWithDebInfo|Win32.Build.0 = RelWithDebInfo|Win32
		{87FC1A8E-FCF0-376B-BB00-CF005AD36BA0}.Release|Win32.ActiveCfg = Release|Win32
		{87FC1A8E-FCF0-376B-BB00-CF005AD36BA0}.Release|Win32.Build.0 = Release|Win32
		{B14CA5A9-182C-3B09-BE81-73FDC4A20273}.Debug|Win32.ActiveCfg = Debug|Win32
		{B14CA5A9-182C-3B09-BE81-73FDC4A20273}.Debug|Win32.Build.0 = Debug|Win32
		{B14CA5A9-182C-3B09-BE81-73FDC4A20273}.RelWithDebInfo|Win32.ActiveCfg = RelWithDebInfo|Win32
		{B14CA5A9-182C-3B09-BE81-73FDC4A20273}.RelWithDebInfo|Win32.Build.0 = RelWithDebInfo|Win32
		{B14CA5A9-182C-3B09-BE81-73FDC4A20273}.Release|Win32.ActiveCfg = Release|Win32
		{B14CA5A9-182C-3B09-BE81-73FDC4A20273}.Release|Win32.Build.0 = Release|Win32
		{DDDF00C9-1115-33F8-B174-839643CF5E6B}.Debug|Win32.ActiveCfg = Debug|Win32
		{DDDF00C9-1115-33F8-B174-839643CF5E6B}.Debug|Win32.Build.0 = Debug|Win32
		{DDDF00C9-1115-33F8-B174-839643CF5E6B}.RelWithDebInfo|Win32.ActiveCfg = RelWithDebInfo|Win32
		{DDDF00C9-1115-33F8-B174-839643CF5E6B}.RelWithDebInfo|Win32.Build.0 = RelWithDebInfo|Win32
		{DDDF00C9-1115-33F8-B174-839643CF5E6B}.Release|Win32.ActiveCfg = Release|Win32
		{DDDF00C9-1115-33F8-B174-839643CF5E6B}.Release|Win32.Build.0 = Release|Win32
		{2F49A18C-E135-33A0-95AD-1610E8D21EB0}.Debug|Win32.ActiveCfg = Debug|Win32
		{2F49A18C-E135-33A0-95AD-1610E8D21EB0}.RelWithDebInfo|Win32.ActiveCfg = RelWithDebInfo|Win32
		{2F49A18C-E135-33A0-95AD-1610E8D21EB0}.Release|Win32.ActiveCfg = Release|Win32
		{07EA16DF-6B7D-3D56-AC6F-FF5B9FE055FD}.Debug|Win32.ActiveCfg = Debug|Win32
		{07EA16DF-6B7D-3D56-AC6F-FF5B9FE055FD}.Debug|Win32.Build.0 = Debug|Win32
		{07EA16DF-6B7D-3D56-AC6F-FF5B9FE055FD}.RelWithDebInfo|Win32.ActiveCfg = RelWithDebInfo|Win32
		{07EA16DF-6B7D-3D56-AC6F-FF5B9FE055FD}.RelWithDebInfo|Win32.Build.0 = RelWithDebInfo|Win32
		{07EA16DF-6B7D-3D56-AC6F-FF5B9FE055FD}.Release|Win32.ActiveCfg = Release|Win32
		{07EA16DF-6B7D-3D56-AC6F-FF5B9FE055FD}.Release|Win32.Build.0 = Release|Win32
		{2F8164BA-E061-3F34-B887-A6C0A1D8906A}.Debug|Win32.ActiveCfg = Debug|Win32
		{2F8164BA-E061-3F34-B887-A6C0A1D8906A}.Debug|Win32.Build.0 = Debug|Win32
		{2F8164BA-E061-3F34-B887-A6C0A1D8906A}.RelWithDebInfo|Win32.ActiveCfg = RelWithDebInfo|Win32
		{2F8164BA-E061-3F34-B887-A6C0A1D8906A}.RelWithDebInfo|Win32.Build.0 = RelWithDebInfo|Win32
		{2F8164BA-E061-3F34-B887-A6C0A1D8906A}.Release|Win32.ActiveCfg = Release|Win32
		{2F8164BA-E061-3F34-B887-A6C0A1D8906A}.Release|Win32.Build.0 = Release|Win32
	EndGlobalSection
	GlobalSection(NestedProjects) = preSolution
		{7B05F0CF-B71C-3948-ACAF-9E95D72D1AC8} = {7CA51769-8882-38A2-BF14-CDC0866F97A8}
		{3E73D69E-D0FF-3954-A135-F55F0035D8D9} = {7CA51769-8882-38A2-BF14-CDC0866F97A8}
		{B14CA5A9-182C-3B09-BE81-73FDC4A20273} = {7030B11D-7092-3981-8D7B-B75132BC6645}
		{DDDF00C9-1115-33F8-B174-839643CF5E6B} = {7030B11D-7092-3981-8D7B-B75132BC6645}
		{07EA16DF-6B7D-3D56-AC6F-FF5B9FE055FD} = {7030B11D-7092-3981-8D7B-B75132BC6645}
		{67AA2FD4-BAFF-333E-8999-FE6AB1CF11B6} = {C97C302B-E3BE-3191-9124-C2122CF92B10}
		{B50DD85C-FCAA-3B76-BD05-C89D098ACEAA} = {C97C302B-E3BE-3191-9124-C2122CF92B10}
		{22021890-4AD9-3345-BBCB-5ABB18AEA715} = {C97C302B-E3BE-3191-9124-C2122CF92B10}
		{BA0D6FAB-9EA3-3B56-B299-4E487CEAD7EB} = {C97C302B-E3BE-3191-9124-C2122CF92B10}
		{0F70153C-ABCA-3448-89A8-ABEE501CC1E5} = {C97C302B-E3BE-3191-9124-C2122CF92B10}
		{52AD87DC-245E-3143-80FB-0034A1FC6FCB} = {C97C302B-E3BE-3191-9124-C2122CF92B10}
		{14E6198C-7469-379C-BD31-0AC5E5720F54} = {C97C302B-E3BE-3191-9124-C2122CF92B10}
		{840BF2F6-9DDF-32F2-A797-EF16CFC45126} = {C97C302B-E3BE-3191-9124-C2122CF92B10}
		{768C3144-455F-31FE-A68D-F35C590B711B} = {C97C302B-E3BE-3191-9124-C2122CF92B10}
		{9EAE649D-3421-3C7E-B263-489F3BBEF577} = {C97C302B-E3BE-3191-9124-C2122CF92B10}
		{EB0374F8-C2A6-31DA-A928-CF35FB310E37} = {C97C302B-E3BE-3191-9124-C2122CF92B10}
		{8534BA4D-F508-309E-8E3F-703A763EB509} = {C97C302B-E3BE-3191-9124-C2122CF92B10}
		{A515CA4A-957A-3504-B2EF-ECEB968E1B01} = {C97C302B-E3BE-3191-9124-C2122CF92B10}
		{2F49A18C-E135-33A0-95AD-1610E8D21EB0} = {C97C302B-E3BE-3191-9124-C2122CF92B10}
	EndGlobalSection
	GlobalSection(ExtensibilityGlobals) = postSolution
		SolutionGuid = {2A71F447-A761-3335-A3C0-45509C8ED72B}
	EndGlobalSection
	GlobalSection(ExtensibilityAddIns) = postSolution
	EndGlobalSection
EndGlobal
