<?xml version="1.0" encoding="utf-8"?>
<Project ToolsVersion="15.0" xmlns="http://schemas.microsoft.com/developer/msbuild/2003">
  <ItemGroup>
    <CustomBuild Include="C:\Users\Benjamin\Desktop\cryptonote\CMakeFiles\d12c2c00f7a82f9ae99de199404010ee\RUN_TESTS_force.rule">
      <Filter>CMake Rules</Filter>
    </CustomBuild>
  </ItemGroup>
  <ItemGroup>
    <Filter Include="CMake Rules">
      <UniqueIdentifier>{4D43F42D-0D36-39AA-B819-8EFD9747598C}</UniqueIdentifier>
    </Filter>
  </ItemGroup>
</Project>
