Microsoft Visual Studio Solution File, Format Version 12.00
# Visual Studio 15
Project("{2150E333-8FDC-42A3-9474-1A3956D46DE8}") = "CMakePredefinedTargets", "CMakePredefinedTargets", "{15660944-06A4-3455-ABB9-6987F310686B}"
EndProject
Project("{2150E333-8FDC-42A3-9474-1A3956D46DE8}") = "external", "external", "{F253C339-E476-3789-8AB5-10688FD4A590}"
EndProject
Project("{2150E333-8FDC-42A3-9474-1A3956D46DE8}") = "tests", "tests", "{3595F511-BBC5-3230-A02A-1BB4378762D9}"
EndProject
Project("{8BC9CEB8-8B4A-11D0-8D11-00A0C91BC942}") = "ALL_BUILD", "ALL_BUILD.vcxproj", "{52D11FEC-CEDB-33FD-B334-F55C80E0891A}"
	ProjectSection(ProjectDependencies) = postProject
		{FA0D22A8-E2C3-3058-AB2A-94AF58F66BB4} = {FA0D22A8-E2C3-3058-AB2A-94AF58F66BB4}
		{61E82AE9-9892-3356-98CA-2E7E3BBEC6AE} = {61E82AE9-9892-3356-98CA-2E7E3BBEC6AE}
		{3494078B-0336-32D2-8359-6CD300537CFF} = {3494078B-0336-32D2-8359-6CD300537CFF}
		{70B4E54B-BCB5-3245-8654-20131F761F30} = {70B4E54B-BCB5-3245-8654-20131F761F30}
		{D553C8BB-12C8-3252-B07A-D110FD21DE10} = {D553C8BB-12C8-3252-B07A-D110FD21DE10}
		{397B820F-4B6E-3F54-80C3-CFBBB0C0F034} = {397B820F-4B6E-3F54-80C3-CFBBB0C0F034}
		{EB335C70-3243-3AD3-A2A2-32C8A5C19982} = {EB335C70-3243-3AD3-A2A2-32C8A5C19982}
		{E195B4B1-E876-3D21-BB50-A9D50CA76146} = {E195B4B1-E876-3D21-BB50-A9D50CA76146}
		{9E9794AC-9C07-3C75-AF18-8178FA567DCD} = {9E9794AC-9C07-3C75-AF18-8178FA567DCD}
		{32DA8FC6-A382-3A9E-B326-32F6876B6009} = {32DA8FC6-A382-3A9E-B326-32F6876B6009}
		{8041233B-ACF9-3681-9ECC-961B64B23303} = {8041233B-ACF9-3681-9ECC-961B64B23303}
		{91A19307-7B53-3539-B922-37EEC316F5FC} = {91A19307-7B53-3539-B922-37EEC316F5FC}
		{5972D2B5-35E2-320B-B5FD-C814EE7B18DC} = {5972D2B5-35E2-320B-B5FD-C814EE7B18DC}
		{B82768A9-0433-3637-9C01-8260C3D1C2E0} = {B82768A9-0433-3637-9C01-8260C3D1C2E0}
		{37B296ED-406B-3F9D-AD91-5D97EF0A464E} = {37B296ED-406B-3F9D-AD91-5D97EF0A464E}
		{C820E084-3556-3F5D-95FE-D6A844346877} = {C820E084-3556-3F5D-95FE-D6A844346877}
		{0D1059C3-2A88-3866-93BB-0026A1FE10C1} = {0D1059C3-2A88-3866-93BB-0026A1FE10C1}
		{E4214237-AD8A-32F7-B8D7-DEB96D8023BE} = {E4214237-AD8A-32F7-B8D7-DEB96D8023BE}
		{E2DEEB9D-9868-3C3A-A7A4-7E8D4945A411} = {E2DEEB9D-9868-3C3A-A7A4-7E8D4945A411}
		{5F3D302F-D090-37B0-BDF6-9F5E9F733F18} = {5F3D302F-D090-37B0-BDF6-9F5E9F733F18}
		{FF065298-CABA-3B95-B549-E28D65FC2909} = {FF065298-CABA-3B95-B549-E28D65FC2909}
		{C23667B9-19D8-3C6B-AB36-EDDE17C7D4A8} = {C23667B9-19D8-3C6B-AB36-EDDE17C7D4A8}
		{176E9D68-422A-3B9C-B66D-391668F58C71} = {176E9D68-422A-3B9C-B66D-391668F58C71}
		{B2795CB8-A41E-35A4-9D90-73D4EBFE8207} = {B2795CB8-A41E-35A4-9D90-73D4EBFE8207}
		{F12B0B2C-2666-362F-8983-9CA3FBC130DB} = {F12B0B2C-2666-362F-8983-9CA3FBC130DB}
		{DF4FBAFB-70D9-3911-89BB-01E239B41C43} = {DF4FBAFB-70D9-3911-89BB-01E239B41C43}
		{B1BB631E-9DAF-3E62-9848-51DA3F2ACC2C} = {B1BB631E-9DAF-3E62-9848-51DA3F2ACC2C}
		{74436C12-A265-336D-BD1E-0C7EAC9D8854} = {74436C12-A265-336D-BD1E-0C7EAC9D8854}
		{872858D4-8BFE-3BBA-B469-200D4857C2A1} = {872858D4-8BFE-3BBA-B469-200D4857C2A1}
		{7512D176-71F3-3328-B06A-739346EB6CE6} = {7512D176-71F3-3328-B06A-739346EB6CE6}
		{35D3C59B-64C2-3CDC-BC27-AA9E7B3F54D1} = {35D3C59B-64C2-3CDC-BC27-AA9E7B3F54D1}
		{37CB6D1F-45C0-3B58-8A7D-1A3973746C58} = {37CB6D1F-45C0-3B58-8A7D-1A3973746C58}
		{772AB239-1543-333A-B40F-C5CDE6972D1E} = {772AB239-1543-333A-B40F-C5CDE6972D1E}
		{8553D20F-B012-3E4B-B650-920B3CFA9531} = {8553D20F-B012-3E4B-B650-920B3CFA9531}
		{90294FBA-1F17-39E5-AF42-0DE0290BBA7A} = {90294FBA-1F17-39E5-AF42-0DE0290BBA7A}
		{A8939259-FE94-38D6-974C-8A9AFEADFE2C} = {A8939259-FE94-38D6-974C-8A9AFEADFE2C}
		{7658A603-97F9-34A3-B59F-8631BF80F2DC} = {7658A603-97F9-34A3-B59F-8631BF80F2DC}
		{5968982D-9C76-379C-BBF6-65F48BE6D2EF} = {5968982D-9C76-379C-BBF6-65F48BE6D2EF}
	EndProjectSection
EndProject
Project("{8BC9CEB8-8B4A-11D0-8D11-00A0C91BC942}") = "BlockchainExplorer", "src\BlockchainExplorer.vcxproj", "{FA0D22A8-E2C3-3058-AB2A-94AF58F66BB4}"
	ProjectSection(ProjectDependencies) = postProject
	EndProjectSection
EndProject
Project("{8BC9CEB8-8B4A-11D0-8D11-00A0C91BC942}") = "Common", "src\Common.vcxproj", "{61E82AE9-9892-3356-98CA-2E7E3BBEC6AE}"
	ProjectSection(ProjectDependencies) = postProject
	EndProjectSection
EndProject
Project("{8BC9CEB8-8B4A-11D0-8D11-00A0C91BC942}") = "ConnectivityTool", "src\ConnectivityTool.vcxproj", "{3494078B-0336-32D2-8359-6CD300537CFF}"
	ProjectSection(ProjectDependencies) = postProject
		{61E82AE9-9892-3356-98CA-2E7E3BBEC6AE} = {61E82AE9-9892-3356-98CA-2E7E3BBEC6AE}
		{D553C8BB-12C8-3252-B07A-D110FD21DE10} = {D553C8BB-12C8-3252-B07A-D110FD21DE10}
		{397B820F-4B6E-3F54-80C3-CFBBB0C0F034} = {397B820F-4B6E-3F54-80C3-CFBBB0C0F034}
		{91A19307-7B53-3539-B922-37EEC316F5FC} = {91A19307-7B53-3539-B922-37EEC316F5FC}
		{0D1059C3-2A88-3866-93BB-0026A1FE10C1} = {0D1059C3-2A88-3866-93BB-0026A1FE10C1}
		{FF065298-CABA-3B95-B549-E28D65FC2909} = {FF065298-CABA-3B95-B549-E28D65FC2909}
		{F12B0B2C-2666-362F-8983-9CA3FBC130DB} = {F12B0B2C-2666-362F-8983-9CA3FBC130DB}
		{DF4FBAFB-70D9-3911-89BB-01E239B41C43} = {DF4FBAFB-70D9-3911-89BB-01E239B41C43}
		{74436C12-A265-336D-BD1E-0C7EAC9D8854} = {74436C12-A265-336D-BD1E-0C7EAC9D8854}
		{5968982D-9C76-379C-BBF6-65F48BE6D2EF} = {5968982D-9C76-379C-BBF6-65F48BE6D2EF}
	EndProjectSection
EndProject
Project("{8BC9CEB8-8B4A-11D0-8D11-00A0C91BC942}") = "CoreTests", "tests\CoreTests.vcxproj", "{70B4E54B-BCB5-3245-8654-20131F761F30}"
	ProjectSection(ProjectDependencies) = postProject
		{FA0D22A8-E2C3-3058-AB2A-94AF58F66BB4} = {FA0D22A8-E2C3-3058-AB2A-94AF58F66BB4}
		{61E82AE9-9892-3356-98CA-2E7E3BBEC6AE} = {61E82AE9-9892-3356-98CA-2E7E3BBEC6AE}
		{D553C8BB-12C8-3252-B07A-D110FD21DE10} = {D553C8BB-12C8-3252-B07A-D110FD21DE10}
		{397B820F-4B6E-3F54-80C3-CFBBB0C0F034} = {397B820F-4B6E-3F54-80C3-CFBBB0C0F034}
		{0D1059C3-2A88-3866-93BB-0026A1FE10C1} = {0D1059C3-2A88-3866-93BB-0026A1FE10C1}
		{DF4FBAFB-70D9-3911-89BB-01E239B41C43} = {DF4FBAFB-70D9-3911-89BB-01E239B41C43}
		{74436C12-A265-336D-BD1E-0C7EAC9D8854} = {74436C12-A265-336D-BD1E-0C7EAC9D8854}
		{7512D176-71F3-3328-B06A-739346EB6CE6} = {7512D176-71F3-3328-B06A-739346EB6CE6}
	EndProjectSection
EndProject
Project("{8BC9CEB8-8B4A-11D0-8D11-00A0C91BC942}") = "Crypto", "src\Crypto.vcxproj", "{D553C8BB-12C8-3252-B07A-D110FD21DE10}"
	ProjectSection(ProjectDependencies) = postProject
	EndProjectSection
EndProject
Project("{8BC9CEB8-8B4A-11D0-8D11-00A0C91BC942}") = "CryptoNoteCore", "src\CryptoNoteCore.vcxproj", "{397B820F-4B6E-3F54-80C3-CFBBB0C0F034}"
	ProjectSection(ProjectDependencies) = postProject
	EndProjectSection
EndProject
Project("{8BC9CEB8-8B4A-11D0-8D11-00A0C91BC942}") = "CryptoTests", "tests\CryptoTests.vcxproj", "{EB335C70-3243-3AD3-A2A2-32C8A5C19982}"
	ProjectSection(ProjectDependencies) = postProject
	EndProjectSection
EndProject
Project("{8BC9CEB8-8B4A-11D0-8D11-00A0C91BC942}") = "Daemon", "src\Daemon.vcxproj", "{E195B4B1-E876-3D21-BB50-A9D50CA76146}"
	ProjectSection(ProjectDependencies) = postProject
		{FA0D22A8-E2C3-3058-AB2A-94AF58F66BB4} = {FA0D22A8-E2C3-3058-AB2A-94AF58F66BB4}
		{61E82AE9-9892-3356-98CA-2E7E3BBEC6AE} = {61E82AE9-9892-3356-98CA-2E7E3BBEC6AE}
		{D553C8BB-12C8-3252-B07A-D110FD21DE10} = {D553C8BB-12C8-3252-B07A-D110FD21DE10}
		{397B820F-4B6E-3F54-80C3-CFBBB0C0F034} = {397B820F-4B6E-3F54-80C3-CFBBB0C0F034}
		{91A19307-7B53-3539-B922-37EEC316F5FC} = {91A19307-7B53-3539-B922-37EEC316F5FC}
		{0D1059C3-2A88-3866-93BB-0026A1FE10C1} = {0D1059C3-2A88-3866-93BB-0026A1FE10C1}
		{FF065298-CABA-3B95-B549-E28D65FC2909} = {FF065298-CABA-3B95-B549-E28D65FC2909}
		{F12B0B2C-2666-362F-8983-9CA3FBC130DB} = {F12B0B2C-2666-362F-8983-9CA3FBC130DB}
		{DF4FBAFB-70D9-3911-89BB-01E239B41C43} = {DF4FBAFB-70D9-3911-89BB-01E239B41C43}
		{74436C12-A265-336D-BD1E-0C7EAC9D8854} = {74436C12-A265-336D-BD1E-0C7EAC9D8854}
		{7658A603-97F9-34A3-B59F-8631BF80F2DC} = {7658A603-97F9-34A3-B59F-8631BF80F2DC}
		{5968982D-9C76-379C-BBF6-65F48BE6D2EF} = {5968982D-9C76-379C-BBF6-65F48BE6D2EF}
	EndProjectSection
EndProject
Project("{8BC9CEB8-8B4A-11D0-8D11-00A0C91BC942}") = "DifficultyTests", "tests\DifficultyTests.vcxproj", "{9E9794AC-9C07-3C75-AF18-8178FA567DCD}"
	ProjectSection(ProjectDependencies) = postProject
		{61E82AE9-9892-3356-98CA-2E7E3BBEC6AE} = {61E82AE9-9892-3356-98CA-2E7E3BBEC6AE}
		{D553C8BB-12C8-3252-B07A-D110FD21DE10} = {D553C8BB-12C8-3252-B07A-D110FD21DE10}
		{397B820F-4B6E-3F54-80C3-CFBBB0C0F034} = {397B820F-4B6E-3F54-80C3-CFBBB0C0F034}
		{0D1059C3-2A88-3866-93BB-0026A1FE10C1} = {0D1059C3-2A88-3866-93BB-0026A1FE10C1}
		{DF4FBAFB-70D9-3911-89BB-01E239B41C43} = {DF4FBAFB-70D9-3911-89BB-01E239B41C43}
	EndProjectSection
EndProject
Project("{8BC9CEB8-8B4A-11D0-8D11-00A0C91BC942}") = "HashTargetTests", "tests\HashTargetTests.vcxproj", "{32DA8FC6-A382-3A9E-B326-32F6876B6009}"
	ProjectSection(ProjectDependencies) = postProject
		{D553C8BB-12C8-3252-B07A-D110FD21DE10} = {D553C8BB-12C8-3252-B07A-D110FD21DE10}
		{397B820F-4B6E-3F54-80C3-CFBBB0C0F034} = {397B820F-4B6E-3F54-80C3-CFBBB0C0F034}
	EndProjectSection
EndProject
Project("{8BC9CEB8-8B4A-11D0-8D11-00A0C91BC942}") = "HashTests", "tests\HashTests.vcxproj", "{8041233B-ACF9-3681-9ECC-961B64B23303}"
	ProjectSection(ProjectDependencies) = postProject
		{D553C8BB-12C8-3252-B07A-D110FD21DE10} = {D553C8BB-12C8-3252-B07A-D110FD21DE10}
	EndProjectSection
EndProject
Project("{8BC9CEB8-8B4A-11D0-8D11-00A0C91BC942}") = "Http", "src\Http.vcxproj", "{91A19307-7B53-3539-B922-37EEC316F5FC}"
	ProjectSection(ProjectDependencies) = postProject
	EndProjectSection
EndProject
Project("{8BC9CEB8-8B4A-11D0-8D11-00A0C91BC942}") = "InProcessNode", "src\InProcessNode.vcxproj", "{5972D2B5-35E2-320B-B5FD-C814EE7B18DC}"
	ProjectSection(ProjectDependencies) = postProject
	EndProjectSection
EndProject
Project("{8BC9CEB8-8B4A-11D0-8D11-00A0C91BC942}") = "IntegrationTestLibrary", "tests\IntegrationTestLibrary.vcxproj", "{B82768A9-0433-3637-9C01-8260C3D1C2E0}"
	ProjectSection(ProjectDependencies) = postProject
		{5968982D-9C76-379C-BBF6-65F48BE6D2EF} = {5968982D-9C76-379C-BBF6-65F48BE6D2EF}
	EndProjectSection
EndProject
Project("{8BC9CEB8-8B4A-11D0-8D11-00A0C91BC942}") = "IntegrationTests", "tests\IntegrationTests.vcxproj", "{37B296ED-406B-3F9D-AD91-5D97EF0A464E}"
	ProjectSection(ProjectDependencies) = postProject
		{FA0D22A8-E2C3-3058-AB2A-94AF58F66BB4} = {FA0D22A8-E2C3-3058-AB2A-94AF58F66BB4}
		{61E82AE9-9892-3356-98CA-2E7E3BBEC6AE} = {61E82AE9-9892-3356-98CA-2E7E3BBEC6AE}
		{D553C8BB-12C8-3252-B07A-D110FD21DE10} = {D553C8BB-12C8-3252-B07A-D110FD21DE10}
		{397B820F-4B6E-3F54-80C3-CFBBB0C0F034} = {397B820F-4B6E-3F54-80C3-CFBBB0C0F034}
		{91A19307-7B53-3539-B922-37EEC316F5FC} = {91A19307-7B53-3539-B922-37EEC316F5FC}
		{5972D2B5-35E2-320B-B5FD-C814EE7B18DC} = {5972D2B5-35E2-320B-B5FD-C814EE7B18DC}
		{B82768A9-0433-3637-9C01-8260C3D1C2E0} = {B82768A9-0433-3637-9C01-8260C3D1C2E0}
		{0D1059C3-2A88-3866-93BB-0026A1FE10C1} = {0D1059C3-2A88-3866-93BB-0026A1FE10C1}
		{E2DEEB9D-9868-3C3A-A7A4-7E8D4945A411} = {E2DEEB9D-9868-3C3A-A7A4-7E8D4945A411}
		{FF065298-CABA-3B95-B549-E28D65FC2909} = {FF065298-CABA-3B95-B549-E28D65FC2909}
		{F12B0B2C-2666-362F-8983-9CA3FBC130DB} = {F12B0B2C-2666-362F-8983-9CA3FBC130DB}
		{DF4FBAFB-70D9-3911-89BB-01E239B41C43} = {DF4FBAFB-70D9-3911-89BB-01E239B41C43}
		{74436C12-A265-336D-BD1E-0C7EAC9D8854} = {74436C12-A265-336D-BD1E-0C7EAC9D8854}
		{35D3C59B-64C2-3CDC-BC27-AA9E7B3F54D1} = {35D3C59B-64C2-3CDC-BC27-AA9E7B3F54D1}
		{8553D20F-B012-3E4B-B650-920B3CFA9531} = {8553D20F-B012-3E4B-B650-920B3CFA9531}
		{90294FBA-1F17-39E5-AF42-0DE0290BBA7A} = {90294FBA-1F17-39E5-AF42-0DE0290BBA7A}
		{7658A603-97F9-34A3-B59F-8631BF80F2DC} = {7658A603-97F9-34A3-B59F-8631BF80F2DC}
	EndProjectSection
EndProject
Project("{8BC9CEB8-8B4A-11D0-8D11-00A0C91BC942}") = "JsonRpcServer", "src\JsonRpcServer.vcxproj", "{C820E084-3556-3F5D-95FE-D6A844346877}"
	ProjectSection(ProjectDependencies) = postProject
	EndProjectSection
EndProject
Project("{8BC9CEB8-8B4A-11D0-8D11-00A0C91BC942}") = "Logging", "src\Logging.vcxproj", "{0D1059C3-2A88-3866-93BB-0026A1FE10C1}"
	ProjectSection(ProjectDependencies) = postProject
	EndProjectSection
EndProject
Project("{8BC9CEB8-8B4A-11D0-8D11-00A0C91BC942}") = "Miner", "src\Miner.vcxproj", "{E4214237-AD8A-32F7-B8D7-DEB96D8023BE}"
	ProjectSection(ProjectDependencies) = postProject
		{61E82AE9-9892-3356-98CA-2E7E3BBEC6AE} = {61E82AE9-9892-3356-98CA-2E7E3BBEC6AE}
		{D553C8BB-12C8-3252-B07A-D110FD21DE10} = {D553C8BB-12C8-3252-B07A-D110FD21DE10}
		{397B820F-4B6E-3F54-80C3-CFBBB0C0F034} = {397B820F-4B6E-3F54-80C3-CFBBB0C0F034}
		{91A19307-7B53-3539-B922-37EEC316F5FC} = {91A19307-7B53-3539-B922-37EEC316F5FC}
		{0D1059C3-2A88-3866-93BB-0026A1FE10C1} = {0D1059C3-2A88-3866-93BB-0026A1FE10C1}
		{F12B0B2C-2666-362F-8983-9CA3FBC130DB} = {F12B0B2C-2666-362F-8983-9CA3FBC130DB}
		{DF4FBAFB-70D9-3911-89BB-01E239B41C43} = {DF4FBAFB-70D9-3911-89BB-01E239B41C43}
		{74436C12-A265-336D-BD1E-0C7EAC9D8854} = {74436C12-A265-336D-BD1E-0C7EAC9D8854}
	EndProjectSection
EndProject
Project("{8BC9CEB8-8B4A-11D0-8D11-00A0C91BC942}") = "NodeRpcProxy", "src\NodeRpcProxy.vcxproj", "{E2DEEB9D-9868-3C3A-A7A4-7E8D4945A411}"
	ProjectSection(ProjectDependencies) = postProject
	EndProjectSection
EndProject
Project("{8BC9CEB8-8B4A-11D0-8D11-00A0C91BC942}") = "NodeRpcProxyTests", "tests\NodeRpcProxyTests.vcxproj", "{5F3D302F-D090-37B0-BDF6-9F5E9F733F18}"
	ProjectSection(ProjectDependencies) = postProject
		{61E82AE9-9892-3356-98CA-2E7E3BBEC6AE} = {61E82AE9-9892-3356-98CA-2E7E3BBEC6AE}
		{D553C8BB-12C8-3252-B07A-D110FD21DE10} = {D553C8BB-12C8-3252-B07A-D110FD21DE10}
		{397B820F-4B6E-3F54-80C3-CFBBB0C0F034} = {397B820F-4B6E-3F54-80C3-CFBBB0C0F034}
		{91A19307-7B53-3539-B922-37EEC316F5FC} = {91A19307-7B53-3539-B922-37EEC316F5FC}
		{0D1059C3-2A88-3866-93BB-0026A1FE10C1} = {0D1059C3-2A88-3866-93BB-0026A1FE10C1}
		{E2DEEB9D-9868-3C3A-A7A4-7E8D4945A411} = {E2DEEB9D-9868-3C3A-A7A4-7E8D4945A411}
		{F12B0B2C-2666-362F-8983-9CA3FBC130DB} = {F12B0B2C-2666-362F-8983-9CA3FBC130DB}
		{DF4FBAFB-70D9-3911-89BB-01E239B41C43} = {DF4FBAFB-70D9-3911-89BB-01E239B41C43}
		{74436C12-A265-336D-BD1E-0C7EAC9D8854} = {74436C12-A265-336D-BD1E-0C7EAC9D8854}
	EndProjectSection
EndProject
Project("{8BC9CEB8-8B4A-11D0-8D11-00A0C91BC942}") = "P2P", "src\P2P.vcxproj", "{FF065298-CABA-3B95-B549-E28D65FC2909}"
	ProjectSection(ProjectDependencies) = postProject
		{5968982D-9C76-379C-BBF6-65F48BE6D2EF} = {5968982D-9C76-379C-BBF6-65F48BE6D2EF}
	EndProjectSection
EndProject
Project("{8BC9CEB8-8B4A-11D0-8D11-00A0C91BC942}") = "PaymentGate", "src\PaymentGate.vcxproj", "{C23667B9-19D8-3C6B-AB36-EDDE17C7D4A8}"
	ProjectSection(ProjectDependencies) = postProject
	EndProjectSection
EndProject
Project("{8BC9CEB8-8B4A-11D0-8D11-00A0C91BC942}") = "PaymentGateService", "src\PaymentGateService.vcxproj", "{176E9D68-422A-3B9C-B66D-391668F58C71}"
	ProjectSection(ProjectDependencies) = postProject
		{FA0D22A8-E2C3-3058-AB2A-94AF58F66BB4} = {FA0D22A8-E2C3-3058-AB2A-94AF58F66BB4}
		{61E82AE9-9892-3356-98CA-2E7E3BBEC6AE} = {61E82AE9-9892-3356-98CA-2E7E3BBEC6AE}
		{D553C8BB-12C8-3252-B07A-D110FD21DE10} = {D553C8BB-12C8-3252-B07A-D110FD21DE10}
		{397B820F-4B6E-3F54-80C3-CFBBB0C0F034} = {397B820F-4B6E-3F54-80C3-CFBBB0C0F034}
		{91A19307-7B53-3539-B922-37EEC316F5FC} = {91A19307-7B53-3539-B922-37EEC316F5FC}
		{5972D2B5-35E2-320B-B5FD-C814EE7B18DC} = {5972D2B5-35E2-320B-B5FD-C814EE7B18DC}
		{C820E084-3556-3F5D-95FE-D6A844346877} = {C820E084-3556-3F5D-95FE-D6A844346877}
		{0D1059C3-2A88-3866-93BB-0026A1FE10C1} = {0D1059C3-2A88-3866-93BB-0026A1FE10C1}
		{E2DEEB9D-9868-3C3A-A7A4-7E8D4945A411} = {E2DEEB9D-9868-3C3A-A7A4-7E8D4945A411}
		{FF065298-CABA-3B95-B549-E28D65FC2909} = {FF065298-CABA-3B95-B549-E28D65FC2909}
		{C23667B9-19D8-3C6B-AB36-EDDE17C7D4A8} = {C23667B9-19D8-3C6B-AB36-EDDE17C7D4A8}
		{F12B0B2C-2666-362F-8983-9CA3FBC130DB} = {F12B0B2C-2666-362F-8983-9CA3FBC130DB}
		{DF4FBAFB-70D9-3911-89BB-01E239B41C43} = {DF4FBAFB-70D9-3911-89BB-01E239B41C43}
		{74436C12-A265-336D-BD1E-0C7EAC9D8854} = {74436C12-A265-336D-BD1E-0C7EAC9D8854}
		{35D3C59B-64C2-3CDC-BC27-AA9E7B3F54D1} = {35D3C59B-64C2-3CDC-BC27-AA9E7B3F54D1}
		{8553D20F-B012-3E4B-B650-920B3CFA9531} = {8553D20F-B012-3E4B-B650-920B3CFA9531}
		{7658A603-97F9-34A3-B59F-8631BF80F2DC} = {7658A603-97F9-34A3-B59F-8631BF80F2DC}
		{5968982D-9C76-379C-BBF6-65F48BE6D2EF} = {5968982D-9C76-379C-BBF6-65F48BE6D2EF}
	EndProjectSection
EndProject
Project("{8BC9CEB8-8B4A-11D0-8D11-00A0C91BC942}") = "PerformanceTests", "tests\PerformanceTests.vcxproj", "{B2795CB8-A41E-35A4-9D90-73D4EBFE8207}"
	ProjectSection(ProjectDependencies) = postProject
		{61E82AE9-9892-3356-98CA-2E7E3BBEC6AE} = {61E82AE9-9892-3356-98CA-2E7E3BBEC6AE}
		{D553C8BB-12C8-3252-B07A-D110FD21DE10} = {D553C8BB-12C8-3252-B07A-D110FD21DE10}
		{397B820F-4B6E-3F54-80C3-CFBBB0C0F034} = {397B820F-4B6E-3F54-80C3-CFBBB0C0F034}
		{0D1059C3-2A88-3866-93BB-0026A1FE10C1} = {0D1059C3-2A88-3866-93BB-0026A1FE10C1}
		{DF4FBAFB-70D9-3911-89BB-01E239B41C43} = {DF4FBAFB-70D9-3911-89BB-01E239B41C43}
	EndProjectSection
EndProject
Project("{8BC9CEB8-8B4A-11D0-8D11-00A0C91BC942}") = "RUN_TESTS", "RUN_TESTS.vcxproj", "{1496953C-DDF2-30BB-B02F-870A8C2A2187}"
	ProjectSection(ProjectDependencies) = postProject
	EndProjectSection
EndProject
Project("{8BC9CEB8-8B4A-11D0-8D11-00A0C91BC942}") = "Rpc", "src\Rpc.vcxproj", "{F12B0B2C-2666-362F-8983-9CA3FBC130DB}"
	ProjectSection(ProjectDependencies) = postProject
		{5968982D-9C76-379C-BBF6-65F48BE6D2EF} = {5968982D-9C76-379C-BBF6-65F48BE6D2EF}
	EndProjectSection
EndProject
Project("{8BC9CEB8-8B4A-11D0-8D11-00A0C91BC942}") = "Serialization", "src\Serialization.vcxproj", "{DF4FBAFB-70D9-3911-89BB-01E239B41C43}"
	ProjectSection(ProjectDependencies) = postProject
	EndProjectSection
EndProject
Project("{8BC9CEB8-8B4A-11D0-8D11-00A0C91BC942}") = "SimpleWallet", "src\SimpleWallet.vcxproj", "{B1BB631E-9DAF-3E62-9848-51DA3F2ACC2C}"
	ProjectSection(ProjectDependencies) = postProject
		{61E82AE9-9892-3356-98CA-2E7E3BBEC6AE} = {61E82AE9-9892-3356-98CA-2E7E3BBEC6AE}
		{D553C8BB-12C8-3252-B07A-D110FD21DE10} = {D553C8BB-12C8-3252-B07A-D110FD21DE10}
		{397B820F-4B6E-3F54-80C3-CFBBB0C0F034} = {397B820F-4B6E-3F54-80C3-CFBBB0C0F034}
		{91A19307-7B53-3539-B922-37EEC316F5FC} = {91A19307-7B53-3539-B922-37EEC316F5FC}
		{0D1059C3-2A88-3866-93BB-0026A1FE10C1} = {0D1059C3-2A88-3866-93BB-0026A1FE10C1}
		{E2DEEB9D-9868-3C3A-A7A4-7E8D4945A411} = {E2DEEB9D-9868-3C3A-A7A4-7E8D4945A411}
		{F12B0B2C-2666-362F-8983-9CA3FBC130DB} = {F12B0B2C-2666-362F-8983-9CA3FBC130DB}
		{DF4FBAFB-70D9-3911-89BB-01E239B41C43} = {DF4FBAFB-70D9-3911-89BB-01E239B41C43}
		{74436C12-A265-336D-BD1E-0C7EAC9D8854} = {74436C12-A265-336D-BD1E-0C7EAC9D8854}
		{35D3C59B-64C2-3CDC-BC27-AA9E7B3F54D1} = {35D3C59B-64C2-3CDC-BC27-AA9E7B3F54D1}
		{8553D20F-B012-3E4B-B650-920B3CFA9531} = {8553D20F-B012-3E4B-B650-920B3CFA9531}
		{5968982D-9C76-379C-BBF6-65F48BE6D2EF} = {5968982D-9C76-379C-BBF6-65F48BE6D2EF}
	EndProjectSection
EndProject
Project("{8BC9CEB8-8B4A-11D0-8D11-00A0C91BC942}") = "System", "src\System.vcxproj", "{74436C12-A265-336D-BD1E-0C7EAC9D8854}"
	ProjectSection(ProjectDependencies) = postProject
	EndProjectSection
EndProject
Project("{8BC9CEB8-8B4A-11D0-8D11-00A0C91BC942}") = "SystemTests", "tests\SystemTests.vcxproj", "{872858D4-8BFE-3BBA-B469-200D4857C2A1}"
	ProjectSection(ProjectDependencies) = postProject
		{74436C12-A265-336D-BD1E-0C7EAC9D8854} = {74436C12-A265-336D-BD1E-0C7EAC9D8854}
		{90294FBA-1F17-39E5-AF42-0DE0290BBA7A} = {90294FBA-1F17-39E5-AF42-0DE0290BBA7A}
		{A8939259-FE94-38D6-974C-8A9AFEADFE2C} = {A8939259-FE94-38D6-974C-8A9AFEADFE2C}
	EndProjectSection
EndProject
Project("{8BC9CEB8-8B4A-11D0-8D11-00A0C91BC942}") = "TestGenerator", "tests\TestGenerator.vcxproj", "{7512D176-71F3-3328-B06A-739346EB6CE6}"
	ProjectSection(ProjectDependencies) = postProject
	EndProjectSection
EndProject
Project("{8BC9CEB8-8B4A-11D0-8D11-00A0C91BC942}") = "Transfers", "src\Transfers.vcxproj", "{35D3C59B-64C2-3CDC-BC27-AA9E7B3F54D1}"
	ProjectSection(ProjectDependencies) = postProject
	EndProjectSection
EndProject
Project("{8BC9CEB8-8B4A-11D0-8D11-00A0C91BC942}") = "TransfersTests", "tests\TransfersTests.vcxproj", "{37CB6D1F-45C0-3B58-8A7D-1A3973746C58}"
	ProjectSection(ProjectDependencies) = postProject
		{FA0D22A8-E2C3-3058-AB2A-94AF58F66BB4} = {FA0D22A8-E2C3-3058-AB2A-94AF58F66BB4}
		{61E82AE9-9892-3356-98CA-2E7E3BBEC6AE} = {61E82AE9-9892-3356-98CA-2E7E3BBEC6AE}
		{D553C8BB-12C8-3252-B07A-D110FD21DE10} = {D553C8BB-12C8-3252-B07A-D110FD21DE10}
		{397B820F-4B6E-3F54-80C3-CFBBB0C0F034} = {397B820F-4B6E-3F54-80C3-CFBBB0C0F034}
		{91A19307-7B53-3539-B922-37EEC316F5FC} = {91A19307-7B53-3539-B922-37EEC316F5FC}
		{5972D2B5-35E2-320B-B5FD-C814EE7B18DC} = {5972D2B5-35E2-320B-B5FD-C814EE7B18DC}
		{B82768A9-0433-3637-9C01-8260C3D1C2E0} = {B82768A9-0433-3637-9C01-8260C3D1C2E0}
		{0D1059C3-2A88-3866-93BB-0026A1FE10C1} = {0D1059C3-2A88-3866-93BB-0026A1FE10C1}
		{E2DEEB9D-9868-3C3A-A7A4-7E8D4945A411} = {E2DEEB9D-9868-3C3A-A7A4-7E8D4945A411}
		{FF065298-CABA-3B95-B549-E28D65FC2909} = {FF065298-CABA-3B95-B549-E28D65FC2909}
		{F12B0B2C-2666-362F-8983-9CA3FBC130DB} = {F12B0B2C-2666-362F-8983-9CA3FBC130DB}
		{DF4FBAFB-70D9-3911-89BB-01E239B41C43} = {DF4FBAFB-70D9-3911-89BB-01E239B41C43}
		{74436C12-A265-336D-BD1E-0C7EAC9D8854} = {74436C12-A265-336D-BD1E-0C7EAC9D8854}
		{35D3C59B-64C2-3CDC-BC27-AA9E7B3F54D1} = {35D3C59B-64C2-3CDC-BC27-AA9E7B3F54D1}
		{8553D20F-B012-3E4B-B650-920B3CFA9531} = {8553D20F-B012-3E4B-B650-920B3CFA9531}
		{90294FBA-1F17-39E5-AF42-0DE0290BBA7A} = {90294FBA-1F17-39E5-AF42-0DE0290BBA7A}
		{A8939259-FE94-38D6-974C-8A9AFEADFE2C} = {A8939259-FE94-38D6-974C-8A9AFEADFE2C}
		{7658A603-97F9-34A3-B59F-8631BF80F2DC} = {7658A603-97F9-34A3-B59F-8631BF80F2DC}
	EndProjectSection
EndProject
Project("{8BC9CEB8-8B4A-11D0-8D11-00A0C91BC942}") = "UnitTests", "tests\UnitTests.vcxproj", "{772AB239-1543-333A-B40F-C5CDE6972D1E}"
	ProjectSection(ProjectDependencies) = postProject
		{FA0D22A8-E2C3-3058-AB2A-94AF58F66BB4} = {FA0D22A8-E2C3-3058-AB2A-94AF58F66BB4}
		{61E82AE9-9892-3356-98CA-2E7E3BBEC6AE} = {61E82AE9-9892-3356-98CA-2E7E3BBEC6AE}
		{D553C8BB-12C8-3252-B07A-D110FD21DE10} = {D553C8BB-12C8-3252-B07A-D110FD21DE10}
		{397B820F-4B6E-3F54-80C3-CFBBB0C0F034} = {397B820F-4B6E-3F54-80C3-CFBBB0C0F034}
		{91A19307-7B53-3539-B922-37EEC316F5FC} = {91A19307-7B53-3539-B922-37EEC316F5FC}
		{5972D2B5-35E2-320B-B5FD-C814EE7B18DC} = {5972D2B5-35E2-320B-B5FD-C814EE7B18DC}
		{0D1059C3-2A88-3866-93BB-0026A1FE10C1} = {0D1059C3-2A88-3866-93BB-0026A1FE10C1}
		{E2DEEB9D-9868-3C3A-A7A4-7E8D4945A411} = {E2DEEB9D-9868-3C3A-A7A4-7E8D4945A411}
		{C23667B9-19D8-3C6B-AB36-EDDE17C7D4A8} = {C23667B9-19D8-3C6B-AB36-EDDE17C7D4A8}
		{F12B0B2C-2666-362F-8983-9CA3FBC130DB} = {F12B0B2C-2666-362F-8983-9CA3FBC130DB}
		{DF4FBAFB-70D9-3911-89BB-01E239B41C43} = {DF4FBAFB-70D9-3911-89BB-01E239B41C43}
		{74436C12-A265-336D-BD1E-0C7EAC9D8854} = {74436C12-A265-336D-BD1E-0C7EAC9D8854}
		{7512D176-71F3-3328-B06A-739346EB6CE6} = {7512D176-71F3-3328-B06A-739346EB6CE6}
		{35D3C59B-64C2-3CDC-BC27-AA9E7B3F54D1} = {35D3C59B-64C2-3CDC-BC27-AA9E7B3F54D1}
		{8553D20F-B012-3E4B-B650-920B3CFA9531} = {8553D20F-B012-3E4B-B650-920B3CFA9531}
		{90294FBA-1F17-39E5-AF42-0DE0290BBA7A} = {90294FBA-1F17-39E5-AF42-0DE0290BBA7A}
		{A8939259-FE94-38D6-974C-8A9AFEADFE2C} = {A8939259-FE94-38D6-974C-8A9AFEADFE2C}
	EndProjectSection
EndProject
Project("{8BC9CEB8-8B4A-11D0-8D11-00A0C91BC942}") = "Wallet", "src\Wallet.vcxproj", "{8553D20F-B012-3E4B-B650-920B3CFA9531}"
	ProjectSection(ProjectDependencies) = postProject
	EndProjectSection
EndProject
Project("{8BC9CEB8-8B4A-11D0-8D11-00A0C91BC942}") = "gtest", "external\gtest\gtest.vcxproj", "{90294FBA-1F17-39E5-AF42-0DE0290BBA7A}"
	ProjectSection(ProjectDependencies) = postProject
	EndProjectSection
EndProject
Project("{8BC9CEB8-8B4A-11D0-8D11-00A0C91BC942}") = "gtest_main", "external\gtest\gtest_main.vcxproj", "{A8939259-FE94-38D6-974C-8A9AFEADFE2C}"
	ProjectSection(ProjectDependencies) = postProject
		{90294FBA-1F17-39E5-AF42-0DE0290BBA7A} = {90294FBA-1F17-39E5-AF42-0DE0290BBA7A}
	EndProjectSection
EndProject
Project("{8BC9CEB8-8B4A-11D0-8D11-00A0C91BC942}") = "tests", "tests\tests.vcxproj", "{9B6CA1B0-7305-3233-AE1F-283D0558DE22}"
	ProjectSection(ProjectDependencies) = postProject
		{70B4E54B-BCB5-3245-8654-20131F761F30} = {70B4E54B-BCB5-3245-8654-20131F761F30}
		{9E9794AC-9C07-3C75-AF18-8178FA567DCD} = {9E9794AC-9C07-3C75-AF18-8178FA567DCD}
		{32DA8FC6-A382-3A9E-B326-32F6876B6009} = {32DA8FC6-A382-3A9E-B326-32F6876B6009}
		{37B296ED-406B-3F9D-AD91-5D97EF0A464E} = {37B296ED-406B-3F9D-AD91-5D97EF0A464E}
		{5F3D302F-D090-37B0-BDF6-9F5E9F733F18} = {5F3D302F-D090-37B0-BDF6-9F5E9F733F18}
		{B2795CB8-A41E-35A4-9D90-73D4EBFE8207} = {B2795CB8-A41E-35A4-9D90-73D4EBFE8207}
		{872858D4-8BFE-3BBA-B469-200D4857C2A1} = {872858D4-8BFE-3BBA-B469-200D4857C2A1}
		{37CB6D1F-45C0-3B58-8A7D-1A3973746C58} = {37CB6D1F-45C0-3B58-8A7D-1A3973746C58}
		{772AB239-1543-333A-B40F-C5CDE6972D1E} = {772AB239-1543-333A-B40F-C5CDE6972D1E}
	EndProjectSection
EndProject
Project("{8BC9CEB8-8B4A-11D0-8D11-00A0C91BC942}") = "upnpc-static", "external\miniupnpc\upnpc-static.vcxproj", "{7658A603-97F9-34A3-B59F-8631BF80F2DC}"
	ProjectSection(ProjectDependencies) = postProject
	EndProjectSection
EndProject
Project("{8BC9CEB8-8B4A-11D0-8D11-00A0C91BC942}") = "version", "version.vcxproj", "{5968982D-9C76-379C-BBF6-65F48BE6D2EF}"
	ProjectSection(ProjectDependencies) = postProject
	EndProjectSection
EndProject
Global
	GlobalSection(SolutionConfigurationPlatforms) = preSolution
		Debug|Win32 = Debug|Win32
		RelWithDebInfo|Win32 = RelWithDebInfo|Win32
		Release|Win32 = Release|Win32
	EndGlobalSection
	GlobalSection(ProjectConfigurationPlatforms) = postSolution
		{52D11FEC-CEDB-33FD-B334-F55C80E0891A}.Debug|Win32.ActiveCfg = Debug|Win32
		{52D11FEC-CEDB-33FD-B334-F55C80E0891A}.RelWithDebInfo|Win32.ActiveCfg = RelWithDebInfo|Win32
		{52D11FEC-CEDB-33FD-B334-F55C80E0891A}.Release|Win32.ActiveCfg = Release|Win32
		{FA0D22A8-E2C3-3058-AB2A-94AF58F66BB4}.Debug|Win32.ActiveCfg = Debug|Win32
		{FA0D22A8-E2C3-3058-AB2A-94AF58F66BB4}.Debug|Win32.Build.0 = Debug|Win32
		{FA0D22A8-E2C3-3058-AB2A-94AF58F66BB4}.RelWithDebInfo|Win32.ActiveCfg = RelWithDebInfo|Win32
		{FA0D22A8-E2C3-3058-AB2A-94AF58F66BB4}.RelWithDebInfo|Win32.Build.0 = RelWithDebInfo|Win32
		{FA0D22A8-E2C3-3058-AB2A-94AF58F66BB4}.Release|Win32.ActiveCfg = Release|Win32
		{FA0D22A8-E2C3-3058-AB2A-94AF58F66BB4}.Release|Win32.Build.0 = Release|Win32
		{61E82AE9-9892-3356-98CA-2E7E3BBEC6AE}.Debug|Win32.ActiveCfg = Debug|Win32
		{61E82AE9-9892-3356-98CA-2E7E3BBEC6AE}.Debug|Win32.Build.0 = Debug|Win32
		{61E82AE9-9892-3356-98CA-2E7E3BBEC6AE}.RelWithDebInfo|Win32.ActiveCfg = RelWithDebInfo|Win32
		{61E82AE9-9892-3356-98CA-2E7E3BBEC6AE}.RelWithDebInfo|Win32.Build.0 = RelWithDebInfo|Win32
		{61E82AE9-9892-3356-98CA-2E7E3BBEC6AE}.Release|Win32.ActiveCfg = Release|Win32
		{61E82AE9-9892-3356-98CA-2E7E3BBEC6AE}.Release|Win32.Build.0 = Release|Win32
		{3494078B-0336-32D2-8359-6CD300537CFF}.Debug|Win32.ActiveCfg = Debug|Win32
		{3494078B-0336-32D2-8359-6CD300537CFF}.Debug|Win32.Build.0 = Debug|Win32
		{3494078B-0336-32D2-8359-6CD300537CFF}.RelWithDebInfo|Win32.ActiveCfg = RelWithDebInfo|Win32
		{3494078B-0336-32D2-8359-6CD300537CFF}.RelWithDebInfo|Win32.Build.0 = RelWithDebInfo|Win32
		{3494078B-0336-32D2-8359-6CD300537CFF}.Release|Win32.ActiveCfg = Release|Win32
		{3494078B-0336-32D2-8359-6CD300537CFF}.Release|Win32.Build.0 = Release|Win32
		{70B4E54B-BCB5-3245-8654-20131F761F30}.Debug|Win32.ActiveCfg = Debug|Win32
		{70B4E54B-BCB5-3245-8654-20131F761F30}.Debug|Win32.Build.0 = Debug|Win32
		{70B4E54B-BCB5-3245-8654-20131F761F30}.RelWithDebInfo|Win32.ActiveCfg = RelWithDebInfo|Win32
		{70B4E54B-BCB5-3245-8654-20131F761F30}.RelWithDebInfo|Win32.Build.0 = RelWithDebInfo|Win32
		{70B4E54B-BCB5-3245-8654-20131F761F30}.Release|Win32.ActiveCfg = Release|Win32
		{70B4E54B-BCB5-3245-8654-20131F761F30}.Release|Win32.Build.0 = Release|Win32
		{D553C8BB-12C8-3252-B07A-D110FD21DE10}.Debug|Win32.ActiveCfg = Debug|Win32
		{D553C8BB-12C8-3252-B07A-D110FD21DE10}.Debug|Win32.Build.0 = Debug|Win32
		{D553C8BB-12C8-3252-B07A-D110FD21DE10}.RelWithDebInfo|Win32.ActiveCfg = RelWithDebInfo|Win32
		{D553C8BB-12C8-3252-B07A-D110FD21DE10}.RelWithDebInfo|Win32.Build.0 = RelWithDebInfo|Win32
		{D553C8BB-12C8-3252-B07A-D110FD21DE10}.Release|Win32.ActiveCfg = Release|Win32
		{D553C8BB-12C8-3252-B07A-D110FD21DE10}.Release|Win32.Build.0 = Release|Win32
		{397B820F-4B6E-3F54-80C3-CFBBB0C0F034}.Debug|Win32.ActiveCfg = Debug|Win32
		{397B820F-4B6E-3F54-80C3-CFBBB0C0F034}.Debug|Win32.Build.0 = Debug|Win32
		{397B820F-4B6E-3F54-80C3-CFBBB0C0F034}.RelWithDebInfo|Win32.ActiveCfg = RelWithDebInfo|Win32
		{397B820F-4B6E-3F54-80C3-CFBBB0C0F034}.RelWithDebInfo|Win32.Build.0 = RelWithDebInfo|Win32
		{397B820F-4B6E-3F54-80C3-CFBBB0C0F034}.Release|Win32.ActiveCfg = Release|Win32
		{397B820F-4B6E-3F54-80C3-CFBBB0C0F034}.Release|Win32.Build.0 = Release|Win32
		{EB335C70-3243-3AD3-A2A2-32C8A5C19982}.Debug|Win32.ActiveCfg = Debug|Win32
		{EB335C70-3243-3AD3-A2A2-32C8A5C19982}.Debug|Win32.Build.0 = Debug|Win32
		{EB335C70-3243-3AD3-A2A2-32C8A5C19982}.RelWithDebInfo|Win32.ActiveCfg = RelWithDebInfo|Win32
		{EB335C70-3243-3AD3-A2A2-32C8A5C19982}.RelWithDebInfo|Win32.Build.0 = RelWithDebInfo|Win32
		{EB335C70-3243-3AD3-A2A2-32C8A5C19982}.Release|Win32.ActiveCfg = Release|Win32
		{EB335C70-3243-3AD3-A2A2-32C8A5C19982}.Release|Win32.Build.0 = Release|Win32
		{E195B4B1-E876-3D21-BB50-A9D50CA76146}.Debug|Win32.ActiveCfg = Debug|Win32
		{E195B4B1-E876-3D21-BB50-A9D50CA76146}.Debug|Win32.Build.0 = Debug|Win32
		{E195B4B1-E876-3D21-BB50-A9D50CA76146}.RelWithDebInfo|Win32.ActiveCfg = RelWithDebInfo|Win32
		{E195B4B1-E876-3D21-BB50-A9D50CA76146}.RelWithDebInfo|Win32.Build.0 = RelWithDebInfo|Win32
		{E195B4B1-E876-3D21-BB50-A9D50CA76146}.Release|Win32.ActiveCfg = Release|Win32
		{E195B4B1-E876-3D21-BB50-A9D50CA76146}.Release|Win32.Build.0 = Release|Win32
		{9E9794AC-9C07-3C75-AF18-8178FA567DCD}.Debug|Win32.ActiveCfg = Debug|Win32
		{9E9794AC-9C07-3C75-AF18-8178FA567DCD}.Debug|Win32.Build.0 = Debug|Win32
		{9E9794AC-9C07-3C75-AF18-8178FA567DCD}.RelWithDebInfo|Win32.ActiveCfg = RelWithDebInfo|Win32
		{9E9794AC-9C07-3C75-AF18-8178FA567DCD}.RelWithDebInfo|Win32.Build.0 = RelWithDebInfo|Win32
		{9E9794AC-9C07-3C75-AF18-8178FA567DCD}.Release|Win32.ActiveCfg = Release|Win32
		{9E9794AC-9C07-3C75-AF18-8178FA567DCD}.Release|Win32.Build.0 = Release|Win32
		{32DA8FC6-A382-3A9E-B326-32F6876B6009}.Debug|Win32.ActiveCfg = Debug|Win32
		{32DA8FC6-A382-3A9E-B326-32F6876B6009}.Debug|Win32.Build.0 = Debug|Win32
		{32DA8FC6-A382-3A9E-B326-32F6876B6009}.RelWithDebInfo|Win32.ActiveCfg = RelWithDebInfo|Win32
		{32DA8FC6-A382-3A9E-B326-32F6876B6009}.RelWithDebInfo|Win32.Build.0 = RelWithDebInfo|Win32
		{32DA8FC6-A382-3A9E-B326-32F6876B6009}.Release|Win32.ActiveCfg = Release|Win32
		{32DA8FC6-A382-3A9E-B326-32F6876B6009}.Release|Win32.Build.0 = Release|Win32
		{8041233B-ACF9-3681-9ECC-961B64B23303}.Debug|Win32.ActiveCfg = Debug|Win32
		{8041233B-ACF9-3681-9ECC-961B64B23303}.Debug|Win32.Build.0 = Debug|Win32
		{8041233B-ACF9-3681-9ECC-961B64B23303}.RelWithDebInfo|Win32.ActiveCfg = RelWithDebInfo|Win32
		{8041233B-ACF9-3681-9ECC-961B64B23303}.RelWithDebInfo|Win32.Build.0 = RelWithDebInfo|Win32
		{8041233B-ACF9-3681-9ECC-961B64B23303}.Release|Win32.ActiveCfg = Release|Win32
		{8041233B-ACF9-3681-9ECC-961B64B23303}.Release|Win32.Build.0 = Release|Win32
		{91A19307-7B53-3539-B922-37EEC316F5FC}.Debug|Win32.ActiveCfg = Debug|Win32
		{91A19307-7B53-3539-B922-37EEC316F5FC}.Debug|Win32.Build.0 = Debug|Win32
		{91A19307-7B53-3539-B922-37EEC316F5FC}.RelWithDebInfo|Win32.ActiveCfg = RelWithDebInfo|Win32
		{91A19307-7B53-3539-B922-37EEC316F5FC}.RelWithDebInfo|Win32.Build.0 = RelWithDebInfo|Win32
		{91A19307-7B53-3539-B922-37EEC316F5FC}.Release|Win32.ActiveCfg = Release|Win32
		{91A19307-7B53-3539-B922-37EEC316F5FC}.Release|Win32.Build.0 = Release|Win32
		{5972D2B5-35E2-320B-B5FD-C814EE7B18DC}.Debug|Win32.ActiveCfg = Debug|Win32
		{5972D2B5-35E2-320B-B5FD-C814EE7B18DC}.Debug|Win32.Build.0 = Debug|Win32
		{5972D2B5-35E2-320B-B5FD-C814EE7B18DC}.RelWithDebInfo|Win32.ActiveCfg = RelWithDebInfo|Win32
		{5972D2B5-35E2-320B-B5FD-C814EE7B18DC}.RelWithDebInfo|Win32.Build.0 = RelWithDebInfo|Win32
		{5972D2B5-35E2-320B-B5FD-C814EE7B18DC}.Release|Win32.ActiveCfg = Release|Win32
		{5972D2B5-35E2-320B-B5FD-C814EE7B18DC}.Release|Win32.Build.0 = Release|Win32
		{B82768A9-0433-3637-9C01-8260C3D1C2E0}.Debug|Win32.ActiveCfg = Debug|Win32
		{B82768A9-0433-3637-9C01-8260C3D1C2E0}.Debug|Win32.Build.0 = Debug|Win32
		{B82768A9-0433-3637-9C01-8260C3D1C2E0}.RelWithDebInfo|Win32.ActiveCfg = RelWithDebInfo|Win32
		{B82768A9-0433-3637-9C01-8260C3D1C2E0}.RelWithDebInfo|Win32.Build.0 = RelWithDebInfo|Win32
		{B82768A9-0433-3637-9C01-8260C3D1C2E0}.Release|Win32.ActiveCfg = Release|Win32
		{B82768A9-0433-3637-9C01-8260C3D1C2E0}.Release|Win32.Build.0 = Release|Win32
		{37B296ED-406B-3F9D-AD91-5D97EF0A464E}.Debug|Win32.ActiveCfg = Debug|Win32
		{37B296ED-406B-3F9D-AD91-5D97EF0A464E}.Debug|Win32.Build.0 = Debug|Win32
		{37B296ED-406B-3F9D-AD91-5D97EF0A464E}.RelWithDebInfo|Win32.ActiveCfg = RelWithDebInfo|Win32
		{37B296ED-406B-3F9D-AD91-5D97EF0A464E}.RelWithDebInfo|Win32.Build.0 = RelWithDebInfo|Win32
		{37B296ED-406B-3F9D-AD91-5D97EF0A464E}.Release|Win32.ActiveCfg = Release|Win32
		{37B296ED-406B-3F9D-AD91-5D97EF0A464E}.Release|Win32.Build.0 = Release|Win32
		{C820E084-3556-3F5D-95FE-D6A844346877}.Debug|Win32.ActiveCfg = Debug|Win32
		{C820E084-3556-3F5D-95FE-D6A844346877}.Debug|Win32.Build.0 = Debug|Win32
		{C820E084-3556-3F5D-95FE-D6A844346877}.RelWithDebInfo|Win32.ActiveCfg = RelWithDebInfo|Win32
		{C820E084-3556-3F5D-95FE-D6A844346877}.RelWithDebInfo|Win32.Build.0 = RelWithDebInfo|Win32
		{C820E084-3556-3F5D-95FE-D6A844346877}.Release|Win32.ActiveCfg = Release|Win32
		{C820E084-3556-3F5D-95FE-D6A844346877}.Release|Win32.Build.0 = Release|Win32
		{0D1059C3-2A88-3866-93BB-0026A1FE10C1}.Debug|Win32.ActiveCfg = Debug|Win32
		{0D1059C3-2A88-3866-93BB-0026A1FE10C1}.Debug|Win32.Build.0 = Debug|Win32
		{0D1059C3-2A88-3866-93BB-0026A1FE10C1}.RelWithDebInfo|Win32.ActiveCfg = RelWithDebInfo|Win32
		{0D1059C3-2A88-3866-93BB-0026A1FE10C1}.RelWithDebInfo|Win32.Build.0 = RelWithDebInfo|Win32
		{0D1059C3-2A88-3866-93BB-0026A1FE10C1}.Release|Win32.ActiveCfg = Release|Win32
		{0D1059C3-2A88-3866-93BB-0026A1FE10C1}.Release|Win32.Build.0 = Release|Win32
		{E4214237-AD8A-32F7-B8D7-DEB96D8023BE}.Debug|Win32.ActiveCfg = Debug|Win32
		{E4214237-AD8A-32F7-B8D7-DEB96D8023BE}.Debug|Win32.Build.0 = Debug|Win32
		{E4214237-AD8A-32F7-B8D7-DEB96D8023BE}.RelWithDebInfo|Win32.ActiveCfg = RelWithDebInfo|Win32
		{E4214237-AD8A-32F7-B8D7-DEB96D8023BE}.RelWithDebInfo|Win32.Build.0 = RelWithDebInfo|Win32
		{E4214237-AD8A-32F7-B8D7-DEB96D8023BE}.Release|Win32.ActiveCfg = Release|Win32
		{E4214237-AD8A-32F7-B8D7-DEB96D8023BE}.Release|Win32.Build.0 = Release|Win32
		{E2DEEB9D-9868-3C3A-A7A4-7E8D4945A411}.Debug|Win32.ActiveCfg = Debug|Win32
		{E2DEEB9D-9868-3C3A-A7A4-7E8D4945A411}.Debug|Win32.Build.0 = Debug|Win32
		{E2DEEB9D-9868-3C3A-A7A4-7E8D4945A411}.RelWithDebInfo|Win32.ActiveCfg = RelWithDebInfo|Win32
		{E2DEEB9D-9868-3C3A-A7A4-7E8D4945A411}.RelWithDebInfo|Win32.Build.0 = RelWithDebInfo|Win32
		{E2DEEB9D-9868-3C3A-A7A4-7E8D4945A411}.Release|Win32.ActiveCfg = Release|Win32
		{E2DEEB9D-9868-3C3A-A7A4-7E8D4945A411}.Release|Win32.Build.0 = Release|Win32
		{5F3D302F-D090-37B0-BDF6-9F5E9F733F18}.Debug|Win32.ActiveCfg = Debug|Win32
		{5F3D302F-D090-37B0-BDF6-9F5E9F733F18}.Debug|Win32.Build.0 = Debug|Win32
		{5F3D302F-D090-37B0-BDF6-9F5E9F733F18}.RelWithDebInfo|Win32.ActiveCfg = RelWithDebInfo|Win32
		{5F3D302F-D090-37B0-BDF6-9F5E9F733F18}.RelWithDebInfo|Win32.Build.0 = RelWithDebInfo|Win32
		{5F3D302F-D090-37B0-BDF6-9F5E9F733F18}.Release|Win32.ActiveCfg = Release|Win32
		{5F3D302F-D090-37B0-BDF6-9F5E9F733F18}.Release|Win32.Build.0 = Release|Win32
		{FF065298-CABA-3B95-B549-E28D65FC2909}.Debug|Win32.ActiveCfg = Debug|Win32
		{FF065298-CABA-3B95-B549-E28D65FC2909}.Debug|Win32.Build.0 = Debug|Win32
		{FF065298-CABA-3B95-B549-E28D65FC2909}.RelWithDebInfo|Win32.ActiveCfg = RelWithDebInfo|Win32
		{FF065298-CABA-3B95-B549-E28D65FC2909}.RelWithDebInfo|Win32.Build.0 = RelWithDebInfo|Win32
		{FF065298-CABA-3B95-B549-E28D65FC2909}.Release|Win32.ActiveCfg = Release|Win32
		{FF065298-CABA-3B95-B549-E28D65FC2909}.Release|Win32.Build.0 = Release|Win32
		{C23667B9-19D8-3C6B-AB36-EDDE17C7D4A8}.Debug|Win32.ActiveCfg = Debug|Win32
		{C23667B9-19D8-3C6B-AB36-EDDE17C7D4A8}.Debug|Win32.Build.0 = Debug|Win32
		{C23667B9-19D8-3C6B-AB36-EDDE17C7D4A8}.RelWithDebInfo|Win32.ActiveCfg = RelWithDebInfo|Win32
		{C23667B9-19D8-3C6B-AB36-EDDE17C7D4A8}.RelWithDebInfo|Win32.Build.0 = RelWithDebInfo|Win32
		{C23667B9-19D8-3C6B-AB36-EDDE17C7D4A8}.Release|Win32.ActiveCfg = Release|Win32
		{C23667B9-19D8-3C6B-AB36-EDDE17C7D4A8}.Release|Win32.Build.0 = Release|Win32
		{176E9D68-422A-3B9C-B66D-391668F58C71}.Debug|Win32.ActiveCfg = Debug|Win32
		{176E9D68-422A-3B9C-B66D-391668F58C71}.Debug|Win32.Build.0 = Debug|Win32
		{176E9D68-422A-3B9C-B66D-391668F58C71}.RelWithDebInfo|Win32.ActiveCfg = RelWithDebInfo|Win32
		{176E9D68-422A-3B9C-B66D-391668F58C71}.RelWithDebInfo|Win32.Build.0 = RelWithDebInfo|Win32
		{176E9D68-422A-3B9C-B66D-391668F58C71}.Release|Win32.ActiveCfg = Release|Win32
		{176E9D68-422A-3B9C-B66D-391668F58C71}.Release|Win32.Build.0 = Release|Win32
		{B2795CB8-A41E-35A4-9D90-73D4EBFE8207}.Debug|Win32.ActiveCfg = Debug|Win32
		{B2795CB8-A41E-35A4-9D90-73D4EBFE8207}.Debug|Win32.Build.0 = Debug|Win32
		{B2795CB8-A41E-35A4-9D90-73D4EBFE8207}.RelWithDebInfo|Win32.ActiveCfg = RelWithDebInfo|Win32
		{B2795CB8-A41E-35A4-9D90-73D4EBFE8207}.RelWithDebInfo|Win32.Build.0 = RelWithDebInfo|Win32
		{B2795CB8-A41E-35A4-9D90-73D4EBFE8207}.Release|Win32.ActiveCfg = Release|Win32
		{B2795CB8-A41E-35A4-9D90-73D4EBFE8207}.Release|Win32.Build.0 = Release|Win32
		{1496953C-DDF2-30BB-B02F-870A8C2A2187}.Debug|Win32.ActiveCfg = Debug|Win32
		{1496953C-DDF2-30BB-B02F-870A8C2A2187}.RelWithDebInfo|Win32.ActiveCfg = RelWithDebInfo|Win32
		{1496953C-DDF2-30BB-B02F-870A8C2A2187}.Release|Win32.ActiveCfg = Release|Win32
		{F12B0B2C-2666-362F-8983-9CA3FBC130DB}.Debug|Win32.ActiveCfg = Debug|Win32
		{F12B0B2C-2666-362F-8983-9CA3FBC130DB}.Debug|Win32.Build.0 = Debug|Win32
		{F12B0B2C-2666-362F-8983-9CA3FBC130DB}.RelWithDebInfo|Win32.ActiveCfg = RelWithDebInfo|Win32
		{F12B0B2C-2666-362F-8983-9CA3FBC130DB}.RelWithDebInfo|Win32.Build.0 = RelWithDebInfo|Win32
		{F12B0B2C-2666-362F-8983-9CA3FBC130DB}.Release|Win32.ActiveCfg = Release|Win32
		{F12B0B2C-2666-362F-8983-9CA3FBC130DB}.Release|Win32.Build.0 = Release|Win32
		{DF4FBAFB-70D9-3911-89BB-01E239B41C43}.Debug|Win32.ActiveCfg = Debug|Win32
		{DF4FBAFB-70D9-3911-89BB-01E239B41C43}.Debug|Win32.Build.0 = Debug|Win32
		{DF4FBAFB-70D9-3911-89BB-01E239B41C43}.RelWithDebInfo|Win32.ActiveCfg = RelWithDebInfo|Win32
		{DF4FBAFB-70D9-3911-89BB-01E239B41C43}.RelWithDebInfo|Win32.Build.0 = RelWithDebInfo|Win32
		{DF4FBAFB-70D9-3911-89BB-01E239B41C43}.Release|Win32.ActiveCfg = Release|Win32
		{DF4FBAFB-70D9-3911-89BB-01E239B41C43}.Release|Win32.Build.0 = Release|Win32
		{B1BB631E-9DAF-3E62-9848-51DA3F2ACC2C}.Debug|Win32.ActiveCfg = Debug|Win32
		{B1BB631E-9DAF-3E62-9848-51DA3F2ACC2C}.Debug|Win32.Build.0 = Debug|Win32
		{B1BB631E-9DAF-3E62-9848-51DA3F2ACC2C}.RelWithDebInfo|Win32.ActiveCfg = RelWithDebInfo|Win32
		{B1BB631E-9DAF-3E62-9848-51DA3F2ACC2C}.RelWithDebInfo|Win32.Build.0 = RelWithDebInfo|Win32
		{B1BB631E-9DAF-3E62-9848-51DA3F2ACC2C}.Release|Win32.ActiveCfg = Release|Win32
		{B1BB631E-9DAF-3E62-9848-51DA3F2ACC2C}.Release|Win32.Build.0 = Release|Win32
		{74436C12-A265-336D-BD1E-0C7EAC9D8854}.Debug|Win32.ActiveCfg = Debug|Win32
		{74436C12-A265-336D-BD1E-0C7EAC9D8854}.Debug|Win32.Build.0 = Debug|Win32
		{74436C12-A265-336D-BD1E-0C7EAC9D8854}.RelWithDebInfo|Win32.ActiveCfg = RelWithDebInfo|Win32
		{74436C12-A265-336D-BD1E-0C7EAC9D8854}.RelWithDebInfo|Win32.Build.0 = RelWithDebInfo|Win32
		{74436C12-A265-336D-BD1E-0C7EAC9D8854}.Release|Win32.ActiveCfg = Release|Win32
		{74436C12-A265-336D-BD1E-0C7EAC9D8854}.Release|Win32.Build.0 = Release|Win32
		{872858D4-8BFE-3BBA-B469-200D4857C2A1}.Debug|Win32.ActiveCfg = Debug|Win32
		{872858D4-8BFE-3BBA-B469-200D4857C2A1}.Debug|Win32.Build.0 = Debug|Win32
		{872858D4-8BFE-3BBA-B469-200D4857C2A1}.RelWithDebInfo|Win32.ActiveCfg = RelWithDebInfo|Win32
		{872858D4-8BFE-3BBA-B469-200D4857C2A1}.RelWithDebInfo|Win32.Build.0 = RelWithDebInfo|Win32
		{872858D4-8BFE-3BBA-B469-200D4857C2A1}.Release|Win32.ActiveCfg = Release|Win32
		{872858D4-8BFE-3BBA-B469-200D4857C2A1}.Release|Win32.Build.0 = Release|Win32
		{7512D176-71F3-3328-B06A-739346EB6CE6}.Debug|Win32.ActiveCfg = Debug|Win32
		{7512D176-71F3-3328-B06A-739346EB6CE6}.Debug|Win32.Build.0 = Debug|Win32
		{7512D176-71F3-3328-B06A-739346EB6CE6}.RelWithDebInfo|Win32.ActiveCfg = RelWithDebInfo|Win32
		{7512D176-71F3-3328-B06A-739346EB6CE6}.RelWithDebInfo|Win32.Build.0 = RelWithDebInfo|Win32
		{7512D176-71F3-3328-B06A-739346EB6CE6}.Release|Win32.ActiveCfg = Release|Win32
		{7512D176-71F3-3328-B06A-739346EB6CE6}.Release|Win32.Build.0 = Release|Win32
		{35D3C59B-64C2-3CDC-BC27-AA9E7B3F54D1}.Debug|Win32.ActiveCfg = Debug|Win32
		{35D3C59B-64C2-3CDC-BC27-AA9E7B3F54D1}.Debug|Win32.Build.0 = Debug|Win32
		{35D3C59B-64C2-3CDC-BC27-AA9E7B3F54D1}.RelWithDebInfo|Win32.ActiveCfg = RelWithDebInfo|Win32
		{35D3C59B-64C2-3CDC-BC27-AA9E7B3F54D1}.RelWithDebInfo|Win32.Build.0 = RelWithDebInfo|Win32
		{35D3C59B-64C2-3CDC-BC27-AA9E7B3F54D1}.Release|Win32.ActiveCfg = Release|Win32
		{35D3C59B-64C2-3CDC-BC27-AA9E7B3F54D1}.Release|Win32.Build.0 = Release|Win32
		{37CB6D1F-45C0-3B58-8A7D-1A3973746C58}.Debug|Win32.ActiveCfg = Debug|Win32
		{37CB6D1F-45C0-3B58-8A7D-1A3973746C58}.Debug|Win32.Build.0 = Debug|Win32
		{37CB6D1F-45C0-3B58-8A7D-1A3973746C58}.RelWithDebInfo|Win32.ActiveCfg = RelWithDebInfo|Win32
		{37CB6D1F-45C0-3B58-8A7D-1A3973746C58}.RelWithDebInfo|Win32.Build.0 = RelWithDebInfo|Win32
		{37CB6D1F-45C0-3B58-8A7D-1A3973746C58}.Release|Win32.ActiveCfg = Release|Win32
		{37CB6D1F-45C0-3B58-8A7D-1A3973746C58}.Release|Win32.Build.0 = Release|Win32
		{772AB239-1543-333A-B40F-C5CDE6972D1E}.Debug|Win32.ActiveCfg = Debug|Win32
		{772AB239-1543-333A-B40F-C5CDE6972D1E}.Debug|Win32.Build.0 = Debug|Win32
		{772AB239-1543-333A-B40F-C5CDE6972D1E}.RelWithDebInfo|Win32.ActiveCfg = RelWithDebInfo|Win32
		{772AB239-1543-333A-B40F-C5CDE6972D1E}.RelWithDebInfo|Win32.Build.0 = RelWithDebInfo|Win32
		{772AB239-1543-333A-B40F-C5CDE6972D1E}.Release|Win32.ActiveCfg = Release|Win32
		{772AB239-1543-333A-B40F-C5CDE6972D1E}.Release|Win32.Build.0 = Release|Win32
		{8553D20F-B012-3E4B-B650-920B3CFA9531}.Debug|Win32.ActiveCfg = Debug|Win32
		{8553D20F-B012-3E4B-B650-920B3CFA9531}.Debug|Win32.Build.0 = Debug|Win32
		{8553D20F-B012-3E4B-B650-920B3CFA9531}.RelWithDebInfo|Win32.ActiveCfg = RelWithDebInfo|Win32
		{8553D20F-B012-3E4B-B650-920B3CFA9531}.RelWithDebInfo|Win32.Build.0 = RelWithDebInfo|Win32
		{8553D20F-B012-3E4B-B650-920B3CFA9531}.Release|Win32.ActiveCfg = Release|Win32
		{8553D20F-B012-3E4B-B650-920B3CFA9531}.Release|Win32.Build.0 = Release|Win32
		{90294FBA-1F17-39E5-AF42-0DE0290BBA7A}.Debug|Win32.ActiveCfg = Debug|Win32
		{90294FBA-1F17-39E5-AF42-0DE0290BBA7A}.Debug|Win32.Build.0 = Debug|Win32
		{90294FBA-1F17-39E5-AF42-0DE0290BBA7A}.RelWithDebInfo|Win32.ActiveCfg = RelWithDebInfo|Win32
		{90294FBA-1F17-39E5-AF42-0DE0290BBA7A}.RelWithDebInfo|Win32.Build.0 = RelWithDebInfo|Win32
		{90294FBA-1F17-39E5-AF42-0DE0290BBA7A}.Release|Win32.ActiveCfg = Release|Win32
		{90294FBA-1F17-39E5-AF42-0DE0290BBA7A}.Release|Win32.Build.0 = Release|Win32
		{A8939259-FE94-38D6-974C-8A9AFEADFE2C}.Debug|Win32.ActiveCfg = Debug|Win32
		{A8939259-FE94-38D6-974C-8A9AFEADFE2C}.Debug|Win32.Build.0 = Debug|Win32
		{A8939259-FE94-38D6-974C-8A9AFEADFE2C}.RelWithDebInfo|Win32.ActiveCfg = RelWithDebInfo|Win32
		{A8939259-FE94-38D6-974C-8A9AFEADFE2C}.RelWithDebInfo|Win32.Build.0 = RelWithDebInfo|Win32
		{A8939259-FE94-38D6-974C-8A9AFEADFE2C}.Release|Win32.ActiveCfg = Release|Win32
		{A8939259-FE94-38D6-974C-8A9AFEADFE2C}.Release|Win32.Build.0 = Release|Win32
		{9B6CA1B0-7305-3233-AE1F-283D0558DE22}.Debug|Win32.ActiveCfg = Debug|Win32
		{9B6CA1B0-7305-3233-AE1F-283D0558DE22}.RelWithDebInfo|Win32.ActiveCfg = RelWithDebInfo|Win32
		{9B6CA1B0-7305-3233-AE1F-283D0558DE22}.Release|Win32.ActiveCfg = Release|Win32
		{7658A603-97F9-34A3-B59F-8631BF80F2DC}.Debug|Win32.ActiveCfg = Debug|Win32
		{7658A603-97F9-34A3-B59F-8631BF80F2DC}.Debug|Win32.Build.0 = Debug|Win32
		{7658A603-97F9-34A3-B59F-8631BF80F2DC}.RelWithDebInfo|Win32.ActiveCfg = RelWithDebInfo|Win32
		{7658A603-97F9-34A3-B59F-8631BF80F2DC}.RelWithDebInfo|Win32.Build.0 = RelWithDebInfo|Win32
		{7658A603-97F9-34A3-B59F-8631BF80F2DC}.Release|Win32.ActiveCfg = Release|Win32
		{7658A603-97F9-34A3-B59F-8631BF80F2DC}.Release|Win32.Build.0 = Release|Win32
		{5968982D-9C76-379C-BBF6-65F48BE6D2EF}.Debug|Win32.ActiveCfg = Debug|Win32
		{5968982D-9C76-379C-BBF6-65F48BE6D2EF}.Debug|Win32.Build.0 = Debug|Win32
		{5968982D-9C76-379C-BBF6-65F48BE6D2EF}.RelWithDebInfo|Win32.ActiveCfg = RelWithDebInfo|Win32
		{5968982D-9C76-379C-BBF6-65F48BE6D2EF}.RelWithDebInfo|Win32.Build.0 = RelWithDebInfo|Win32
		{5968982D-9C76-379C-BBF6-65F48BE6D2EF}.Release|Win32.ActiveCfg = Release|Win32
		{5968982D-9C76-379C-BBF6-65F48BE6D2EF}.Release|Win32.Build.0 = Release|Win32
	EndGlobalSection
	GlobalSection(NestedProjects) = preSolution
		{52D11FEC-CEDB-33FD-B334-F55C80E0891A} = {15660944-06A4-3455-ABB9-6987F310686B}
		{1496953C-DDF2-30BB-B02F-870A8C2A2187} = {15660944-06A4-3455-ABB9-6987F310686B}
		{90294FBA-1F17-39E5-AF42-0DE0290BBA7A} = {F253C339-E476-3789-8AB5-10688FD4A590}
		{A8939259-FE94-38D6-974C-8A9AFEADFE2C} = {F253C339-E476-3789-8AB5-10688FD4A590}
		{7658A603-97F9-34A3-B59F-8631BF80F2DC} = {F253C339-E476-3789-8AB5-10688FD4A590}
		{70B4E54B-BCB5-3245-8654-20131F761F30} = {3595F511-BBC5-3230-A02A-1BB4378762D9}
		{EB335C70-3243-3AD3-A2A2-32C8A5C19982} = {3595F511-BBC5-3230-A02A-1BB4378762D9}
		{9E9794AC-9C07-3C75-AF18-8178FA567DCD} = {3595F511-BBC5-3230-A02A-1BB4378762D9}
		{32DA8FC6-A382-3A9E-B326-32F6876B6009} = {3595F511-BBC5-3230-A02A-1BB4378762D9}
		{8041233B-ACF9-3681-9ECC-961B64B23303} = {3595F511-BBC5-3230-A02A-1BB4378762D9}
		{B82768A9-0433-3637-9C01-8260C3D1C2E0} = {3595F511-BBC5-3230-A02A-1BB4378762D9}
		{37B296ED-406B-3F9D-AD91-5D97EF0A464E} = {3595F511-BBC5-3230-A02A-1BB4378762D9}
		{5F3D302F-D090-37B0-BDF6-9F5E9F733F18} = {3595F511-BBC5-3230-A02A-1BB4378762D9}
		{B2795CB8-A41E-35A4-9D90-73D4EBFE8207} = {3595F511-BBC5-3230-A02A-1BB4378762D9}
		{872858D4-8BFE-3BBA-B469-200D4857C2A1} = {3595F511-BBC5-3230-A02A-1BB4378762D9}
		{7512D176-71F3-3328-B06A-739346EB6CE6} = {3595F511-BBC5-3230-A02A-1BB4378762D9}
		{37CB6D1F-45C0-3B58-8A7D-1A3973746C58} = {3595F511-BBC5-3230-A02A-1BB4378762D9}
		{772AB239-1543-333A-B40F-C5CDE6972D1E} = {3595F511-BBC5-3230-A02A-1BB4378762D9}
		{9B6CA1B0-7305-3233-AE1F-283D0558DE22} = {3595F511-BBC5-3230-A02A-1BB4378762D9}
	EndGlobalSection
	GlobalSection(ExtensibilityGlobals) = postSolution
		SolutionGuid = {E24D2C01-1FFF-353C-88AD-3F3E63B66E9C}
	EndGlobalSection
	GlobalSection(ExtensibilityAddIns) = postSolution
	EndGlobalSection
EndGlobal
