<?xml version="1.0" encoding="utf-8"?>
<Project ToolsVersion="15.0" xmlns="http://schemas.microsoft.com/developer/msbuild/2003">
  <ItemGroup>
    <CustomBuild Include="C:\Users\Benjamin\Desktop\cryptonote\src\CMakeFiles\08c082a6ccb2468bc1f5e97fed5bfd83\version.rule">
      <Filter>CMake Rules</Filter>
    </CustomBuild>
  </ItemGroup>
  <ItemGroup>
    <None Include="C:\Users\Benjamin\Desktop\cryptonote\src\CMakeFiles\version" />
  </ItemGroup>
  <ItemGroup>
    <Filter Include="CMake Rules">
      <UniqueIdentifier>{CED13FE6-3E35-3430-97DA-149471BBB6FF}</UniqueIdentifier>
    </Filter>
  </ItemGroup>
</Project>
