<?xml version="1.0" encoding="utf-8"?>
<Project ToolsVersion="15.0" xmlns="http://schemas.microsoft.com/developer/msbuild/2003">
  <ItemGroup>
    <ClCompile Include="C:\Users\Benjamin\Desktop\cryptonote\src\Wallet\LegacyKeysImporter.cpp" />
    <ClCompile Include="C:\Users\Benjamin\Desktop\cryptonote\src\Wallet\WalletAsyncContextCounter.cpp" />
    <ClCompile Include="C:\Users\Benjamin\Desktop\cryptonote\src\Wallet\WalletErrors.cpp" />
    <ClCompile Include="C:\Users\Benjamin\Desktop\cryptonote\src\Wallet\WalletGreen.cpp" />
    <ClCompile Include="C:\Users\Benjamin\Desktop\cryptonote\src\Wallet\WalletRpcServer.cpp" />
    <ClCompile Include="C:\Users\Benjamin\Desktop\cryptonote\src\Wallet\WalletSerialization.cpp" />
    <ClCompile Include="C:\Users\Benjamin\Desktop\cryptonote\src\Wallet\WalletUtils.cpp" />
    <ClCompile Include="C:\Users\Benjamin\Desktop\cryptonote\src\WalletLegacy\KeysStorage.cpp" />
    <ClCompile Include="C:\Users\Benjamin\Desktop\cryptonote\src\WalletLegacy\WalletHelper.cpp" />
    <ClCompile Include="C:\Users\Benjamin\Desktop\cryptonote\src\WalletLegacy\WalletLegacy.cpp" />
    <ClCompile Include="C:\Users\Benjamin\Desktop\cryptonote\src\WalletLegacy\WalletLegacySerialization.cpp" />
    <ClCompile Include="C:\Users\Benjamin\Desktop\cryptonote\src\WalletLegacy\WalletLegacySerializer.cpp" />
    <ClCompile Include="C:\Users\Benjamin\Desktop\cryptonote\src\WalletLegacy\WalletTransactionSender.cpp" />
    <ClCompile Include="C:\Users\Benjamin\Desktop\cryptonote\src\WalletLegacy\WalletUnconfirmedTransactions.cpp" />
    <ClCompile Include="C:\Users\Benjamin\Desktop\cryptonote\src\WalletLegacy\WalletUserTransactionsCache.cpp" />
  </ItemGroup>
  <ItemGroup>
    <ClInclude Include="C:\Users\Benjamin\Desktop\cryptonote\src\Wallet\IFusionManager.h" />
    <ClInclude Include="C:\Users\Benjamin\Desktop\cryptonote\src\Wallet\LegacyKeysImporter.h" />
    <ClInclude Include="C:\Users\Benjamin\Desktop\cryptonote\src\Wallet\WalletAsyncContextCounter.h" />
    <ClInclude Include="C:\Users\Benjamin\Desktop\cryptonote\src\Wallet\WalletErrors.h" />
    <ClInclude Include="C:\Users\Benjamin\Desktop\cryptonote\src\Wallet\WalletGreen.h" />
    <ClInclude Include="C:\Users\Benjamin\Desktop\cryptonote\src\Wallet\WalletIndices.h" />
    <ClInclude Include="C:\Users\Benjamin\Desktop\cryptonote\src\Wallet\WalletRpcServer.h" />
    <ClInclude Include="C:\Users\Benjamin\Desktop\cryptonote\src\Wallet\WalletRpcServerCommandsDefinitions.h" />
    <ClInclude Include="C:\Users\Benjamin\Desktop\cryptonote\src\Wallet\WalletRpcServerErrorCodes.h" />
    <ClInclude Include="C:\Users\Benjamin\Desktop\cryptonote\src\Wallet\WalletSerialization.h" />
    <ClInclude Include="C:\Users\Benjamin\Desktop\cryptonote\src\Wallet\WalletUtils.h" />
    <ClInclude Include="C:\Users\Benjamin\Desktop\cryptonote\src\WalletLegacy\KeysStorage.h" />
    <ClInclude Include="C:\Users\Benjamin\Desktop\cryptonote\src\WalletLegacy\WalletHelper.h" />
    <ClInclude Include="C:\Users\Benjamin\Desktop\cryptonote\src\WalletLegacy\WalletLegacy.h" />
    <ClInclude Include="C:\Users\Benjamin\Desktop\cryptonote\src\WalletLegacy\WalletLegacyEvent.h" />
    <ClInclude Include="C:\Users\Benjamin\Desktop\cryptonote\src\WalletLegacy\WalletLegacySerialization.h" />
    <ClInclude Include="C:\Users\Benjamin\Desktop\cryptonote\src\WalletLegacy\WalletLegacySerializer.h" />
    <ClInclude Include="C:\Users\Benjamin\Desktop\cryptonote\src\WalletLegacy\WalletRequest.h" />
    <ClInclude Include="C:\Users\Benjamin\Desktop\cryptonote\src\WalletLegacy\WalletSendTransactionContext.h" />
    <ClInclude Include="C:\Users\Benjamin\Desktop\cryptonote\src\WalletLegacy\WalletTransactionSender.h" />
    <ClInclude Include="C:\Users\Benjamin\Desktop\cryptonote\src\WalletLegacy\WalletUnconfirmedTransactions.h" />
    <ClInclude Include="C:\Users\Benjamin\Desktop\cryptonote\src\WalletLegacy\WalletUserTransactionsCache.h" />
    <ClInclude Include="C:\Users\Benjamin\Desktop\cryptonote\src\WalletLegacy\WalletUtils.h" />
  </ItemGroup>
  <ItemGroup>
  </ItemGroup>
</Project>
